// !$*UTF8*$!
{
	archiveVersion = 1;
	classes = {
	};
	objectVersion = 52;
	objects = {

/* Begin PBXBuildFile section */
		55AC77D7F97CF382C0A72C50 /* libPods-Chanify.a in Frameworks */ = {isa = PBXBuildFile; fileRef = D5B1F40BCE80A4DDFEB56F70 /* libPods-Chanify.a */; };
		6D278E4125E0ECAC00FC48CD /* CHChannelTableViewCell.m in Sources */ = {isa = PBXBuildFile; fileRef = 6D278E4025E0ECAC00FC48CD /* CHChannelTableViewCell.m */; };
		6D278E5E25E1EF7A00FC48CD /* CHPrivacyViewController.m in Sources */ = {isa = PBXBuildFile; fileRef = 6D278E5D25E1EF7A00FC48CD /* CHPrivacyViewController.m */; };
		6D278E6925E222C300FC48CD /* CHCodeFormatter.m in Sources */ = {isa = PBXBuildFile; fileRef = 6D278E6825E222C300FC48CD /* CHCodeFormatter.m */; };
		6D278EA825E4CC9500FC48CD /* CHNodesViewController.m in Sources */ = {isa = PBXBuildFile; fileRef = 6D278EA725E4CC9500FC48CD /* CHNodesViewController.m */; };
		6D278EAD25E5598A00FC48CD /* CHTableView.m in Sources */ = {isa = PBXBuildFile; fileRef = 6D278EAC25E5598A00FC48CD /* CHTableView.m */; };
		6D2C721C261E002A003CDCDB /* CHFileMsgCellConfiguration.m in Sources */ = {isa = PBXBuildFile; fileRef = 6D2C721B261E002A003CDCDB /* CHFileMsgCellConfiguration.m */; };
		6D4416F925F264A70041EBA0 /* CHFormButtonItem.m in Sources */ = {isa = PBXBuildFile; fileRef = 6D4416F825F264A70041EBA0 /* CHFormButtonItem.m */; };
		6D4416FE25F2655C0041EBA0 /* CHFormValueItem.m in Sources */ = {isa = PBXBuildFile; fileRef = 6D4416FD25F2655C0041EBA0 /* CHFormValueItem.m */; };
		6D44170525F273150041EBA0 /* CHFormCodeItem.m in Sources */ = {isa = PBXBuildFile; fileRef = 6D44170425F273150041EBA0 /* CHFormCodeItem.m */; };
		6D44170C25F278D80041EBA0 /* CHFormSelectorItem.m in Sources */ = {isa = PBXBuildFile; fileRef = 6D44170B25F278D80041EBA0 /* CHFormSelectorItem.m */; };
		6D44171325F330630041EBA0 /* CHFormInputItem.m in Sources */ = {isa = PBXBuildFile; fileRef = 6D44171225F330630041EBA0 /* CHFormInputItem.m */; };
		6D67CBDB25D3BAD700ECF655 /* NSDate+CHExt.m in Sources */ = {isa = PBXBuildFile; fileRef = 6D67CBDA25D3BAD700ECF655 /* NSDate+CHExt.m */; };
		6D67CBEA25D4298A00ECF655 /* CHCrpyto.m in Sources */ = {isa = PBXBuildFile; fileRef = 6D67CBE925D4298A00ECF655 /* CHCrpyto.m */; };
		6D8F9EAC25EF45E800A8912C /* CHFormItem.m in Sources */ = {isa = PBXBuildFile; fileRef = 6D8F9EAB25EF45E800A8912C /* CHFormItem.m */; };
		6D9C209426020A4200F40CDD /* CHFormSwitchItem.m in Sources */ = {isa = PBXBuildFile; fileRef = 6D9C209326020A4200F40CDD /* CHFormSwitchItem.m */; };
		6DABBB212612BDFC00FCBDD3 /* CHThumbnailModel.m in Sources */ = {isa = PBXBuildFile; fileRef = 6DABBB202612BDFC00FCBDD3 /* CHThumbnailModel.m */; };
		6DABBB242612C0FA00FCBDD3 /* CHThumbnailModel.m in Sources */ = {isa = PBXBuildFile; fileRef = 6DABBB202612BDFC00FCBDD3 /* CHThumbnailModel.m */; };
		6DABBB292612D9EA00FCBDD3 /* CHPreviewItem.m in Sources */ = {isa = PBXBuildFile; fileRef = 6DABBB282612D9EA00FCBDD3 /* CHPreviewItem.m */; };
		6DABBB312612E33D00FCBDD3 /* CHPreviewController.m in Sources */ = {isa = PBXBuildFile; fileRef = 6DABBB302612E33D00FCBDD3 /* CHPreviewController.m */; };
		6DAE516B26155C8C00AF9E90 /* CHPasteboard.m in Sources */ = {isa = PBXBuildFile; fileRef = 6DAE516A26155C8C00AF9E90 /* CHPasteboard.m */; };
		6DBA92BE25F609CD00B792FE /* CHColorConfiguration.m in Sources */ = {isa = PBXBuildFile; fileRef = 6DBA92BD25F609CD00B792FE /* CHColorConfiguration.m */; };
		6DBA92C525F60B3B00B792FE /* UIColor+CHExt.m in Sources */ = {isa = PBXBuildFile; fileRef = 6DBA92C425F60B3B00B792FE /* UIColor+CHExt.m */; };
		6DBA92DF25F8A83700B792FE /* CHSplitViewController.m in Sources */ = {isa = PBXBuildFile; fileRef = 6DBA92DE25F8A83700B792FE /* CHSplitViewController.m */; };
		6DBF865C261826E3006F108C /* CHLinkMsgCellConfiguration.m in Sources */ = {isa = PBXBuildFile; fileRef = 6DBF865B261826E3006F108C /* CHLinkMsgCellConfiguration.m */; };
		6DBF866326183E53006F108C /* CHLinkMetaManager.m in Sources */ = {isa = PBXBuildFile; fileRef = 6DBF866226183E53006F108C /* CHLinkMetaManager.m */; };
		6DC6C1C425D0DCD100512E36 /* AppDelegate.m in Sources */ = {isa = PBXBuildFile; fileRef = 6DC6C1C325D0DCD100512E36 /* AppDelegate.m */; };
		6DC6C1CA25D0DCD100512E36 /* CHViewController.m in Sources */ = {isa = PBXBuildFile; fileRef = 6DC6C1C925D0DCD100512E36 /* CHViewController.m */; };
		6DC6C1CF25D0DCD200512E36 /* Assets.xcassets in Resources */ = {isa = PBXBuildFile; fileRef = 6DC6C1CE25D0DCD200512E36 /* Assets.xcassets */; };
		6DC6C1D225D0DCD200512E36 /* LaunchScreen.storyboard in Resources */ = {isa = PBXBuildFile; fileRef = 6DC6C1D025D0DCD200512E36 /* LaunchScreen.storyboard */; };
		6DC6C1D525D0DCD200512E36 /* main.m in Sources */ = {isa = PBXBuildFile; fileRef = 6DC6C1D425D0DCD200512E36 /* main.m */; };
		6DC6C1F425D0E18600512E36 /* Settings.bundle in Resources */ = {isa = PBXBuildFile; fileRef = 6DC6C1F325D0E18600512E36 /* Settings.bundle */; };
		6DC6C1F825D0E1A100512E36 /* InfoPlist.strings in Resources */ = {isa = PBXBuildFile; fileRef = 6DC6C1F625D0E1A100512E36 /* InfoPlist.strings */; };
		6DC6C1FE25D0E20200512E36 /* Localizable.strings in Resources */ = {isa = PBXBuildFile; fileRef = 6DC6C1FC25D0E20200512E36 /* Localizable.strings */; };
		6DC6C20E25D0F3EF00512E36 /* CHTP.proto in Sources */ = {isa = PBXBuildFile; fileRef = 6DC6C20D25D0F3EF00512E36 /* CHTP.proto */; };
		6DC6C22025D0FB7600512E36 /* NotificationService.m in Sources */ = {isa = PBXBuildFile; fileRef = 6DC6C21F25D0FB7600512E36 /* NotificationService.m */; };
		6DC6C22425D0FB7600512E36 /* NotificationService.appex in Embed App Extensions */ = {isa = PBXBuildFile; fileRef = 6DC6C21C25D0FB7600512E36 /* NotificationService.appex */; settings = {ATTRIBUTES = (RemoveHeadersOnCopy, ); }; };
		6DC6C23325D0FC7500512E36 /* CHTP.proto in Sources */ = {isa = PBXBuildFile; fileRef = 6DC6C20D25D0F3EF00512E36 /* CHTP.proto */; };
		6DC6C24225D1117A00512E36 /* CHTheme.m in Sources */ = {isa = PBXBuildFile; fileRef = 6DC6C24125D1117A00512E36 /* CHTheme.m */; };
		6DC6C24925D1122100512E36 /* CHUtils.m in Sources */ = {isa = PBXBuildFile; fileRef = 6DC6C24825D1122100512E36 /* CHUtils.m */; };
		6DC6C25325D112BB00512E36 /* CHLogger.m in Sources */ = {isa = PBXBuildFile; fileRef = 6DC6C25225D112BB00512E36 /* CHLogger.m */; };
		6DC6C26025D114E800512E36 /* NSData+CHExt.m in Sources */ = {isa = PBXBuildFile; fileRef = 6DC6C25F25D114E800512E36 /* NSData+CHExt.m */; };
		6DC6C26525D1151E00512E36 /* NSString+CHExt.m in Sources */ = {isa = PBXBuildFile; fileRef = 6DC6C26425D1151E00512E36 /* NSString+CHExt.m */; };
		6DC6C26A25D1159C00512E36 /* CHRouter.m in Sources */ = {isa = PBXBuildFile; fileRef = 6DC6C26925D1159C00512E36 /* CHRouter.m */; };
		6DC6C26F25D13D2900512E36 /* CHNotification.m in Sources */ = {isa = PBXBuildFile; fileRef = 6DC6C26E25D13D2900512E36 /* CHNotification.m */; };
		6DC6C27425D13E5500512E36 /* CHLogic.m in Sources */ = {isa = PBXBuildFile; fileRef = 6DC6C27325D13E5500512E36 /* CHLogic.m */; };
		6DC6C27B25D13EFA00512E36 /* CHUserModel.m in Sources */ = {isa = PBXBuildFile; fileRef = 6DC6C27A25D13EFA00512E36 /* CHUserModel.m */; };
		6DC6C28225D1408700512E36 /* CHTabBarViewController.m in Sources */ = {isa = PBXBuildFile; fileRef = 6DC6C28125D1408700512E36 /* CHTabBarViewController.m */; };
		6DC6C28925D1410D00512E36 /* UIViewController+CHExt.m in Sources */ = {isa = PBXBuildFile; fileRef = 6DC6C28825D1410D00512E36 /* UIViewController+CHExt.m */; };
		6DC6C28F25D1435A00512E36 /* CHLoginViewController.m in Sources */ = {isa = PBXBuildFile; fileRef = 6DC6C28E25D1435A00512E36 /* CHLoginViewController.m */; };
		6DC6C29A25D143BC00512E36 /* CHWebViewController.m in Sources */ = {isa = PBXBuildFile; fileRef = 6DC6C29925D143BC00512E36 /* CHWebViewController.m */; };
		6DC6C2A125D1441100512E36 /* CHWebViewRefresher.m in Sources */ = {isa = PBXBuildFile; fileRef = 6DC6C2A025D1441100512E36 /* CHWebViewRefresher.m */; };
		6DC6C2A625D14BE000512E36 /* CHDevice.m in Sources */ = {isa = PBXBuildFile; fileRef = 6DC6C2A525D14BE000512E36 /* CHDevice.m */; };
		6DC6C2AE25D14C2400512E36 /* CHSecKey.m in Sources */ = {isa = PBXBuildFile; fileRef = 6DC6C2AD25D14C2400512E36 /* CHSecKey.m */; };
		6DC6C2B525D1592900512E36 /* NSException+CHExt.m in Sources */ = {isa = PBXBuildFile; fileRef = 6DC6C2B425D1592900512E36 /* NSException+CHExt.m */; };
		6DC6C2C025D15A7900512E36 /* CHIndicatorView.m in Sources */ = {isa = PBXBuildFile; fileRef = 6DC6C2BF25D15A7900512E36 /* CHIndicatorView.m */; };
		6DC6C2C525D15A8600512E36 /* CHIndicatorPanelView.m in Sources */ = {isa = PBXBuildFile; fileRef = 6DC6C2C425D15A8600512E36 /* CHIndicatorPanelView.m */; };
		6DC6C2CD25D15B6300512E36 /* CHScanViewController.m in Sources */ = {isa = PBXBuildFile; fileRef = 6DC6C2CC25D15B6300512E36 /* CHScanViewController.m */; };
		6DC6C2D625D15CCD00512E36 /* CHManager.m in Sources */ = {isa = PBXBuildFile; fileRef = 6DC6C2D525D15CCD00512E36 /* CHManager.m */; };
		6DC6C2DD25D15DB100512E36 /* CHUserDataSource.m in Sources */ = {isa = PBXBuildFile; fileRef = 6DC6C2DC25D15DB100512E36 /* CHUserDataSource.m */; };
		6DC6C2E225D15E6B00512E36 /* CHChannelModel.m in Sources */ = {isa = PBXBuildFile; fileRef = 6DC6C2E125D15E6B00512E36 /* CHChannelModel.m */; };
		6DC6C2E725D15EC100512E36 /* CHMessageModel.m in Sources */ = {isa = PBXBuildFile; fileRef = 6DC6C2E625D15EC100512E36 /* CHMessageModel.m */; };
		6DC6C2EC25D15F9700512E36 /* CHNSDataSource.m in Sources */ = {isa = PBXBuildFile; fileRef = 6DC6C2EB25D15F9700512E36 /* CHNSDataSource.m */; };
		6DC6C2F125D15FB700512E36 /* CHNSDataSource.m in Sources */ = {isa = PBXBuildFile; fileRef = 6DC6C2EB25D15F9700512E36 /* CHNSDataSource.m */; };
		6DC6C2F625D1602F00512E36 /* NSURL+CHExt.m in Sources */ = {isa = PBXBuildFile; fileRef = 6DC6C2F525D1602F00512E36 /* NSURL+CHExt.m */; };
		6DC6C2FD25D160C100512E36 /* CHLogger.m in Sources */ = {isa = PBXBuildFile; fileRef = 6DC6C25225D112BB00512E36 /* CHLogger.m */; };
		6DC6C30025D160C800512E36 /* CHMessageModel.m in Sources */ = {isa = PBXBuildFile; fileRef = 6DC6C2E625D15EC100512E36 /* CHMessageModel.m */; };
		6DC6C30325D160E100512E36 /* NSURL+CHExt.m in Sources */ = {isa = PBXBuildFile; fileRef = 6DC6C2F525D1602F00512E36 /* NSURL+CHExt.m */; };
		6DC6C30625D160EA00512E36 /* NSData+CHExt.m in Sources */ = {isa = PBXBuildFile; fileRef = 6DC6C25F25D114E800512E36 /* NSData+CHExt.m */; };
		6DC6C30925D160ED00512E36 /* NSString+CHExt.m in Sources */ = {isa = PBXBuildFile; fileRef = 6DC6C26425D1151E00512E36 /* NSString+CHExt.m */; };
		6DC6C30C25D160F100512E36 /* NSException+CHExt.m in Sources */ = {isa = PBXBuildFile; fileRef = 6DC6C2B425D1592900512E36 /* NSException+CHExt.m */; };
		6DC6C31125D1611200512E36 /* NSDictionary+CHExt.m in Sources */ = {isa = PBXBuildFile; fileRef = 6DC6C31025D1611200512E36 /* NSDictionary+CHExt.m */; };
		6DC6C31425D1611E00512E36 /* NSDictionary+CHExt.m in Sources */ = {isa = PBXBuildFile; fileRef = 6DC6C31025D1611200512E36 /* NSDictionary+CHExt.m */; };
		6DC6C31925D1615100512E36 /* NSFileManager+CHExt.m in Sources */ = {isa = PBXBuildFile; fileRef = 6DC6C31825D1615100512E36 /* NSFileManager+CHExt.m */; };
		6DC6C31E25D1617900512E36 /* NSFileManager+CHExt.m in Sources */ = {isa = PBXBuildFile; fileRef = 6DC6C31825D1615100512E36 /* NSFileManager+CHExt.m */; };
		6DC6C32725D1626D00512E36 /* CryptoKit.swift in Sources */ = {isa = PBXBuildFile; fileRef = 6DC6C32625D1626D00512E36 /* CryptoKit.swift */; };
		6DC6C32825D1626D00512E36 /* CryptoKit.swift in Sources */ = {isa = PBXBuildFile; fileRef = 6DC6C32625D1626D00512E36 /* CryptoKit.swift */; };
		6DC6C33E25D1694100512E36 /* CHChannelsViewController.m in Sources */ = {isa = PBXBuildFile; fileRef = 6DC6C33D25D1694100512E36 /* CHChannelsViewController.m */; };
		6DC6C34B25D16A7300512E36 /* CHSettingsViewController.m in Sources */ = {isa = PBXBuildFile; fileRef = 6DC6C34A25D16A7300512E36 /* CHSettingsViewController.m */; };
		6DC6C35C25D16B6A00512E36 /* NSPredicate+CHExt.m in Sources */ = {isa = PBXBuildFile; fileRef = 6DC6C35B25D16B6A00512E36 /* NSPredicate+CHExt.m */; };
		6DC6C36325D16BCE00512E36 /* CHAcknowledgementsViewController.m in Sources */ = {isa = PBXBuildFile; fileRef = 6DC6C36225D16BCE00512E36 /* CHAcknowledgementsViewController.m */; };
		6DC6C36825D16C1600512E36 /* CHUserInfoViewController.m in Sources */ = {isa = PBXBuildFile; fileRef = 6DC6C36725D16C1600512E36 /* CHUserInfoViewController.m */; };
		6DC6C36F25D16C4E00512E36 /* CHQrCodeView.m in Sources */ = {isa = PBXBuildFile; fileRef = 6DC6C36E25D16C4E00512E36 /* CHQrCodeView.m */; };
		6DC6C37625D16CA000512E36 /* UIView+CHExt.m in Sources */ = {isa = PBXBuildFile; fileRef = 6DC6C37525D16CA000512E36 /* UIView+CHExt.m */; };
		6DC6C37F25D16E1800512E36 /* CHCellConfiguration.m in Sources */ = {isa = PBXBuildFile; fileRef = 6DC6C37E25D16E1800512E36 /* CHCellConfiguration.m */; };
		6DC6C38625D16E4200512E36 /* CHDateCellConfiguration.m in Sources */ = {isa = PBXBuildFile; fileRef = 6DC6C38525D16E4200512E36 /* CHDateCellConfiguration.m */; };
		6DC6C38B25D16E6A00512E36 /* CHMsgCellConfiguration.m in Sources */ = {isa = PBXBuildFile; fileRef = 6DC6C38A25D16E6A00512E36 /* CHMsgCellConfiguration.m */; };
		6DC6C39025D16EA200512E36 /* CHTextMsgCellConfiguration.m in Sources */ = {isa = PBXBuildFile; fileRef = 6DC6C38F25D16EA200512E36 /* CHTextMsgCellConfiguration.m */; };
		6DC6C39525D16ECA00512E36 /* CHUnknownMsgCellConfiguration.m in Sources */ = {isa = PBXBuildFile; fileRef = 6DC6C39425D16ECA00512E36 /* CHUnknownMsgCellConfiguration.m */; };
		6DC6C39A25D16FAC00512E36 /* CHMessagesHeaderView.m in Sources */ = {isa = PBXBuildFile; fileRef = 6DC6C39925D16FAC00512E36 /* CHMessagesHeaderView.m */; };
		6DC6C39F25D16FE600512E36 /* CHMessagesDataSource.m in Sources */ = {isa = PBXBuildFile; fileRef = 6DC6C39E25D16FE600512E36 /* CHMessagesDataSource.m */; };
		6DC6C3A425D1700A00512E36 /* CHChannelViewController.m in Sources */ = {isa = PBXBuildFile; fileRef = 6DC6C3A325D1700A00512E36 /* CHChannelViewController.m */; };
		6DC6C3A925D1702F00512E36 /* CHChannelNewViewController.m in Sources */ = {isa = PBXBuildFile; fileRef = 6DC6C3A825D1702F00512E36 /* CHChannelNewViewController.m */; };
		6DC6C3AE25D1705100512E36 /* CHChannelDetailViewController.m in Sources */ = {isa = PBXBuildFile; fileRef = 6DC6C3AD25D1705100512E36 /* CHChannelDetailViewController.m */; };
		6DC6C3B525D2193500512E36 /* CHMock.m in Sources */ = {isa = PBXBuildFile; fileRef = 6DC6C3B425D2193500512E36 /* CHMock.m */; };
		6DCAD2212621D52F00F43F20 /* CHWebFileManager.m in Sources */ = {isa = PBXBuildFile; fileRef = 6DCAD2202621D52F00F43F20 /* CHWebFileManager.m */; };
		6DCC882D25FB62D70028B473 /* CHToken.m in Sources */ = {isa = PBXBuildFile; fileRef = 6DCC882C25FB62D70028B473 /* CHToken.m */; };
		6DD5A0F9260EF99E00799032 /* CHWebObjectManager.m in Sources */ = {isa = PBXBuildFile; fileRef = 6DD5A0F8260EF99E00799032 /* CHWebObjectManager.m */; };
		6DD5A103260EFB9900799032 /* CHWebImageView.m in Sources */ = {isa = PBXBuildFile; fileRef = 6DD5A102260EFB9900799032 /* CHWebImageView.m */; };
		6DD6954625F1FF6C0047FF08 /* CHFormViewController.m in Sources */ = {isa = PBXBuildFile; fileRef = 6DD6954525F1FF6C0047FF08 /* CHFormViewController.m */; };
		6DD6954B25F20BFD0047FF08 /* CHForm.m in Sources */ = {isa = PBXBuildFile; fileRef = 6DD6954A25F20BFD0047FF08 /* CHForm.m */; };
		6DD6955025F20C140047FF08 /* CHFormSection.m in Sources */ = {isa = PBXBuildFile; fileRef = 6DD6954F25F20C140047FF08 /* CHFormSection.m */; };
		6DD7B5A9260DC360001D5DCB /* CHSoundsViewController.m in Sources */ = {isa = PBXBuildFile; fileRef = 6DD7B5A8260DC360001D5DCB /* CHSoundsViewController.m */; };
		6DD7B5B0260DE2D4001D5DCB /* CHImageMsgCellConfiguration.m in Sources */ = {isa = PBXBuildFile; fileRef = 6DD7B5AF260DE2D4001D5DCB /* CHImageMsgCellConfiguration.m */; };
		6DD7B5B7260DE63B001D5DCB /* CHBubbleMsgCellConfiguration.m in Sources */ = {isa = PBXBuildFile; fileRef = 6DD7B5B6260DE63B001D5DCB /* CHBubbleMsgCellConfiguration.m */; };
		6DD7B5D9260DF520001D5DCB /* NSString+CHLocalized.m in Sources */ = {isa = PBXBuildFile; fileRef = 6DD7B5D8260DF520001D5DCB /* NSString+CHLocalized.m */; };
		6DD7B5E6260DF5C7001D5DCB /* NSString+CHNotification.m in Sources */ = {isa = PBXBuildFile; fileRef = 6DD7B5DE260DF588001D5DCB /* NSString+CHNotification.m */; };
		6DD969C625F479B800EEEECF /* CHIconsViewController.m in Sources */ = {isa = PBXBuildFile; fileRef = 6DD969C525F479B800EEEECF /* CHIconsViewController.m */; };
		6DD969CD25F47A6300EEEECF /* CHFormIconItem.m in Sources */ = {isa = PBXBuildFile; fileRef = 6DD969CC25F47A6300EEEECF /* CHFormIconItem.m */; };
		6DD969D425F4A1E700EEEECF /* CHIconView.m in Sources */ = {isa = PBXBuildFile; fileRef = 6DD969D325F4A1E700EEEECF /* CHIconView.m */; };
		6DDC86A925E7408E00C26203 /* CHNodeModel.m in Sources */ = {isa = PBXBuildFile; fileRef = 6DDC86A825E7408E00C26203 /* CHNodeModel.m */; };
		6DDC86B425E7446A00C26203 /* CHNodeTableViewCell.m in Sources */ = {isa = PBXBuildFile; fileRef = 6DDC86B325E7446A00C26203 /* CHNodeTableViewCell.m */; };
		6DDC86BE25E745AF00C26203 /* CHTableViewCell.m in Sources */ = {isa = PBXBuildFile; fileRef = 6DDC86BD25E745AF00C26203 /* CHTableViewCell.m */; };
		6DDC86C425E74F0C00C26203 /* CHNodeViewController.m in Sources */ = {isa = PBXBuildFile; fileRef = 6DDC86C325E74F0C00C26203 /* CHNodeViewController.m */; };
		6DEC569E25F4F6F600AD6DC9 /* CHIconConfiguration.m in Sources */ = {isa = PBXBuildFile; fileRef = 6DEC569D25F4F6F600AD6DC9 /* CHIconConfiguration.m */; };
		E1FF8005990C1480B5C3EF98 /* libPods-NotificationService.a in Frameworks */ = {isa = PBXBuildFile; fileRef = 77860262C85473FCE5AADE06 /* libPods-NotificationService.a */; };
/* End PBXBuildFile section */

/* Begin PBXBuildRule section */
		6DC6C21125D0F41500512E36 /* PBXBuildRule */ = {
			isa = PBXBuildRule;
			compilerSpec = com.apple.compilers.proxy.script;
			filePatterns = "*.proto";
			fileType = pattern.proxy;
			inputFiles = (
			);
			isEditable = 1;
			outputFiles = (
				"$(DERIVED_FILE_DIR)/$(INPUT_FILE_BASE).pbobjc.h",
				"$(DERIVED_FILE_DIR)/$(INPUT_FILE_BASE).pbobjc.m",
			);
			outputFilesCompilerFlags = (
				"",
				"-fno-objc-arc",
			);
			runOncePerArchitecture = 0;
			script = "protoc --proto_path=\"$INPUT_FILE_DIR\" --objc_out \"$DERIVED_FILE_DIR\" \"$INPUT_FILE_PATH\"\n";
		};
		6DC6C23025D0FC1C00512E36 /* PBXBuildRule */ = {
			isa = PBXBuildRule;
			compilerSpec = com.apple.compilers.proxy.script;
			filePatterns = "*.proto";
			fileType = pattern.proxy;
			inputFiles = (
			);
			isEditable = 1;
			outputFiles = (
				"$(DERIVED_FILE_DIR)/$(INPUT_FILE_BASE).pbobjc.h",
				"$(DERIVED_FILE_DIR)/$(INPUT_FILE_BASE).pbobjc.m",
			);
			outputFilesCompilerFlags = (
				"",
				"-fno-objc-arc",
			);
			runOncePerArchitecture = 0;
			script = "protoc --proto_path=\"$INPUT_FILE_DIR\" --objc_out \"$DERIVED_FILE_DIR\" \"$INPUT_FILE_PATH\"\n";
		};
/* End PBXBuildRule section */

/* Begin PBXContainerItemProxy section */
		6DC6C22225D0FB7600512E36 /* PBXContainerItemProxy */ = {
			isa = PBXContainerItemProxy;
			containerPortal = 6DC6C1B725D0DCD100512E36 /* Project object */;
			proxyType = 1;
			remoteGlobalIDString = 6DC6C21B25D0FB7600512E36;
			remoteInfo = NotificationService;
		};
/* End PBXContainerItemProxy section */

/* Begin PBXCopyFilesBuildPhase section */
		6DC6C22525D0FB7600512E36 /* Embed App Extensions */ = {
			isa = PBXCopyFilesBuildPhase;
			buildActionMask = 2147483647;
			dstPath = "";
			dstSubfolderSpec = 13;
			files = (
				6DC6C22425D0FB7600512E36 /* NotificationService.appex in Embed App Extensions */,
			);
			name = "Embed App Extensions";
			runOnlyForDeploymentPostprocessing = 0;
		};
/* End PBXCopyFilesBuildPhase section */

/* Begin PBXFileReference section */
		518C6AACAB0FE1992637FCE8 /* Pods-Chanify.debug.xcconfig */ = {isa = PBXFileReference; includeInIndex = 1; lastKnownFileType = text.xcconfig; name = "Pods-Chanify.debug.xcconfig"; path = "Target Support Files/Pods-Chanify/Pods-Chanify.debug.xcconfig"; sourceTree = "<group>"; };
		6D278E3F25E0ECAC00FC48CD /* CHChannelTableViewCell.h */ = {isa = PBXFileReference; lastKnownFileType = sourcecode.c.h; path = CHChannelTableViewCell.h; sourceTree = "<group>"; };
		6D278E4025E0ECAC00FC48CD /* CHChannelTableViewCell.m */ = {isa = PBXFileReference; lastKnownFileType = sourcecode.c.objc; path = CHChannelTableViewCell.m; sourceTree = "<group>"; };
		6D278E5C25E1EF7A00FC48CD /* CHPrivacyViewController.h */ = {isa = PBXFileReference; lastKnownFileType = sourcecode.c.h; path = CHPrivacyViewController.h; sourceTree = "<group>"; };
		6D278E5D25E1EF7A00FC48CD /* CHPrivacyViewController.m */ = {isa = PBXFileReference; lastKnownFileType = sourcecode.c.objc; path = CHPrivacyViewController.m; sourceTree = "<group>"; };
		6D278E6725E222C300FC48CD /* CHCodeFormatter.h */ = {isa = PBXFileReference; lastKnownFileType = sourcecode.c.h; path = CHCodeFormatter.h; sourceTree = "<group>"; };
		6D278E6825E222C300FC48CD /* CHCodeFormatter.m */ = {isa = PBXFileReference; lastKnownFileType = sourcecode.c.objc; path = CHCodeFormatter.m; sourceTree = "<group>"; };
		6D278EA625E4CC9500FC48CD /* CHNodesViewController.h */ = {isa = PBXFileReference; lastKnownFileType = sourcecode.c.h; path = CHNodesViewController.h; sourceTree = "<group>"; };
		6D278EA725E4CC9500FC48CD /* CHNodesViewController.m */ = {isa = PBXFileReference; lastKnownFileType = sourcecode.c.objc; path = CHNodesViewController.m; sourceTree = "<group>"; };
		6D278EAB25E5598A00FC48CD /* CHTableView.h */ = {isa = PBXFileReference; lastKnownFileType = sourcecode.c.h; path = CHTableView.h; sourceTree = "<group>"; };
		6D278EAC25E5598A00FC48CD /* CHTableView.m */ = {isa = PBXFileReference; lastKnownFileType = sourcecode.c.objc; path = CHTableView.m; sourceTree = "<group>"; };
		6D2C721A261E002A003CDCDB /* CHFileMsgCellConfiguration.h */ = {isa = PBXFileReference; lastKnownFileType = sourcecode.c.h; path = CHFileMsgCellConfiguration.h; sourceTree = "<group>"; };
		6D2C721B261E002A003CDCDB /* CHFileMsgCellConfiguration.m */ = {isa = PBXFileReference; lastKnownFileType = sourcecode.c.objc; path = CHFileMsgCellConfiguration.m; sourceTree = "<group>"; };
		6D4416F725F264A70041EBA0 /* CHFormButtonItem.h */ = {isa = PBXFileReference; lastKnownFileType = sourcecode.c.h; path = CHFormButtonItem.h; sourceTree = "<group>"; };
		6D4416F825F264A70041EBA0 /* CHFormButtonItem.m */ = {isa = PBXFileReference; lastKnownFileType = sourcecode.c.objc; path = CHFormButtonItem.m; sourceTree = "<group>"; };
		6D4416FC25F2655C0041EBA0 /* CHFormValueItem.h */ = {isa = PBXFileReference; lastKnownFileType = sourcecode.c.h; path = CHFormValueItem.h; sourceTree = "<group>"; };
		6D4416FD25F2655C0041EBA0 /* CHFormValueItem.m */ = {isa = PBXFileReference; lastKnownFileType = sourcecode.c.objc; path = CHFormValueItem.m; sourceTree = "<group>"; };
		6D44170325F273150041EBA0 /* CHFormCodeItem.h */ = {isa = PBXFileReference; lastKnownFileType = sourcecode.c.h; path = CHFormCodeItem.h; sourceTree = "<group>"; };
		6D44170425F273150041EBA0 /* CHFormCodeItem.m */ = {isa = PBXFileReference; lastKnownFileType = sourcecode.c.objc; path = CHFormCodeItem.m; sourceTree = "<group>"; };
		6D44170A25F278D80041EBA0 /* CHFormSelectorItem.h */ = {isa = PBXFileReference; lastKnownFileType = sourcecode.c.h; path = CHFormSelectorItem.h; sourceTree = "<group>"; };
		6D44170B25F278D80041EBA0 /* CHFormSelectorItem.m */ = {isa = PBXFileReference; lastKnownFileType = sourcecode.c.objc; path = CHFormSelectorItem.m; sourceTree = "<group>"; };
		6D44171125F330630041EBA0 /* CHFormInputItem.h */ = {isa = PBXFileReference; lastKnownFileType = sourcecode.c.h; path = CHFormInputItem.h; sourceTree = "<group>"; };
		6D44171225F330630041EBA0 /* CHFormInputItem.m */ = {isa = PBXFileReference; lastKnownFileType = sourcecode.c.objc; path = CHFormInputItem.m; sourceTree = "<group>"; };
		6D67CBD925D3BAD700ECF655 /* NSDate+CHExt.h */ = {isa = PBXFileReference; lastKnownFileType = sourcecode.c.h; path = "NSDate+CHExt.h"; sourceTree = "<group>"; };
		6D67CBDA25D3BAD700ECF655 /* NSDate+CHExt.m */ = {isa = PBXFileReference; lastKnownFileType = sourcecode.c.objc; path = "NSDate+CHExt.m"; sourceTree = "<group>"; };
		6D67CBE925D4298A00ECF655 /* CHCrpyto.m */ = {isa = PBXFileReference; lastKnownFileType = sourcecode.c.objc; path = CHCrpyto.m; sourceTree = "<group>"; };
		6D8F9EAA25EF45E800A8912C /* CHFormItem.h */ = {isa = PBXFileReference; lastKnownFileType = sourcecode.c.h; path = CHFormItem.h; sourceTree = "<group>"; };
		6D8F9EAB25EF45E800A8912C /* CHFormItem.m */ = {isa = PBXFileReference; lastKnownFileType = sourcecode.c.objc; path = CHFormItem.m; sourceTree = "<group>"; };
		6D9C209226020A4200F40CDD /* CHFormSwitchItem.h */ = {isa = PBXFileReference; lastKnownFileType = sourcecode.c.h; path = CHFormSwitchItem.h; sourceTree = "<group>"; };
		6D9C209326020A4200F40CDD /* CHFormSwitchItem.m */ = {isa = PBXFileReference; lastKnownFileType = sourcecode.c.objc; path = CHFormSwitchItem.m; sourceTree = "<group>"; };
		6DABBB1F2612BDFC00FCBDD3 /* CHThumbnailModel.h */ = {isa = PBXFileReference; lastKnownFileType = sourcecode.c.h; path = CHThumbnailModel.h; sourceTree = "<group>"; };
		6DABBB202612BDFC00FCBDD3 /* CHThumbnailModel.m */ = {isa = PBXFileReference; lastKnownFileType = sourcecode.c.objc; path = CHThumbnailModel.m; sourceTree = "<group>"; };
		6DABBB272612D9EA00FCBDD3 /* CHPreviewItem.h */ = {isa = PBXFileReference; lastKnownFileType = sourcecode.c.h; path = CHPreviewItem.h; sourceTree = "<group>"; };
		6DABBB282612D9EA00FCBDD3 /* CHPreviewItem.m */ = {isa = PBXFileReference; lastKnownFileType = sourcecode.c.objc; path = CHPreviewItem.m; sourceTree = "<group>"; };
		6DABBB2F2612E33D00FCBDD3 /* CHPreviewController.h */ = {isa = PBXFileReference; lastKnownFileType = sourcecode.c.h; path = CHPreviewController.h; sourceTree = "<group>"; };
		6DABBB302612E33D00FCBDD3 /* CHPreviewController.m */ = {isa = PBXFileReference; lastKnownFileType = sourcecode.c.objc; path = CHPreviewController.m; sourceTree = "<group>"; };
		6DAE516926155C8C00AF9E90 /* CHPasteboard.h */ = {isa = PBXFileReference; lastKnownFileType = sourcecode.c.h; path = CHPasteboard.h; sourceTree = "<group>"; };
		6DAE516A26155C8C00AF9E90 /* CHPasteboard.m */ = {isa = PBXFileReference; lastKnownFileType = sourcecode.c.objc; path = CHPasteboard.m; sourceTree = "<group>"; };
		6DBA92BC25F609CD00B792FE /* CHColorConfiguration.h */ = {isa = PBXFileReference; lastKnownFileType = sourcecode.c.h; path = CHColorConfiguration.h; sourceTree = "<group>"; };
		6DBA92BD25F609CD00B792FE /* CHColorConfiguration.m */ = {isa = PBXFileReference; lastKnownFileType = sourcecode.c.objc; path = CHColorConfiguration.m; sourceTree = "<group>"; };
		6DBA92C325F60B3B00B792FE /* UIColor+CHExt.h */ = {isa = PBXFileReference; lastKnownFileType = sourcecode.c.h; path = "UIColor+CHExt.h"; sourceTree = "<group>"; };
		6DBA92C425F60B3B00B792FE /* UIColor+CHExt.m */ = {isa = PBXFileReference; lastKnownFileType = sourcecode.c.objc; path = "UIColor+CHExt.m"; sourceTree = "<group>"; };
		6DBA92DD25F8A83700B792FE /* CHSplitViewController.h */ = {isa = PBXFileReference; lastKnownFileType = sourcecode.c.h; path = CHSplitViewController.h; sourceTree = "<group>"; };
		6DBA92DE25F8A83700B792FE /* CHSplitViewController.m */ = {isa = PBXFileReference; lastKnownFileType = sourcecode.c.objc; path = CHSplitViewController.m; sourceTree = "<group>"; };
		6DBF865A261826E3006F108C /* CHLinkMsgCellConfiguration.h */ = {isa = PBXFileReference; lastKnownFileType = sourcecode.c.h; path = CHLinkMsgCellConfiguration.h; sourceTree = "<group>"; };
		6DBF865B261826E3006F108C /* CHLinkMsgCellConfiguration.m */ = {isa = PBXFileReference; lastKnownFileType = sourcecode.c.objc; path = CHLinkMsgCellConfiguration.m; sourceTree = "<group>"; };
		6DBF866126183E53006F108C /* CHLinkMetaManager.h */ = {isa = PBXFileReference; lastKnownFileType = sourcecode.c.h; path = CHLinkMetaManager.h; sourceTree = "<group>"; };
		6DBF866226183E53006F108C /* CHLinkMetaManager.m */ = {isa = PBXFileReference; lastKnownFileType = sourcecode.c.objc; path = CHLinkMetaManager.m; sourceTree = "<group>"; };
		6DC6C1BF25D0DCD100512E36 /* Chanify.app */ = {isa = PBXFileReference; explicitFileType = wrapper.application; includeInIndex = 0; path = Chanify.app; sourceTree = BUILT_PRODUCTS_DIR; };
		6DC6C1C225D0DCD100512E36 /* AppDelegate.h */ = {isa = PBXFileReference; lastKnownFileType = sourcecode.c.h; path = AppDelegate.h; sourceTree = "<group>"; };
		6DC6C1C325D0DCD100512E36 /* AppDelegate.m */ = {isa = PBXFileReference; lastKnownFileType = sourcecode.c.objc; path = AppDelegate.m; sourceTree = "<group>"; };
		6DC6C1C825D0DCD100512E36 /* CHViewController.h */ = {isa = PBXFileReference; lastKnownFileType = sourcecode.c.h; path = CHViewController.h; sourceTree = "<group>"; };
		6DC6C1C925D0DCD100512E36 /* CHViewController.m */ = {isa = PBXFileReference; lastKnownFileType = sourcecode.c.objc; path = CHViewController.m; sourceTree = "<group>"; };
		6DC6C1CE25D0DCD200512E36 /* Assets.xcassets */ = {isa = PBXFileReference; lastKnownFileType = folder.assetcatalog; path = Assets.xcassets; sourceTree = "<group>"; };
		6DC6C1D125D0DCD200512E36 /* Base */ = {isa = PBXFileReference; lastKnownFileType = file.storyboard; name = Base; path = Base.lproj/LaunchScreen.storyboard; sourceTree = "<group>"; };
		6DC6C1D325D0DCD200512E36 /* Info.plist */ = {isa = PBXFileReference; lastKnownFileType = text.plist.xml; path = Info.plist; sourceTree = "<group>"; };
		6DC6C1D425D0DCD200512E36 /* main.m */ = {isa = PBXFileReference; lastKnownFileType = sourcecode.c.objc; path = main.m; sourceTree = "<group>"; };
		6DC6C1F025D0DF2B00512E36 /* Chanify.entitlements */ = {isa = PBXFileReference; lastKnownFileType = text.plist.entitlements; path = Chanify.entitlements; sourceTree = "<group>"; };
		6DC6C1F325D0E18600512E36 /* Settings.bundle */ = {isa = PBXFileReference; lastKnownFileType = "wrapper.plug-in"; path = Settings.bundle; sourceTree = "<group>"; };
		6DC6C1F725D0E1A100512E36 /* Base */ = {isa = PBXFileReference; lastKnownFileType = text.plist.strings; name = Base; path = Base.lproj/InfoPlist.strings; sourceTree = "<group>"; };
		6DC6C1FA25D0E1D900512E36 /* zh-Hans */ = {isa = PBXFileReference; lastKnownFileType = text.plist.strings; name = "zh-Hans"; path = "zh-Hans.lproj/InfoPlist.strings"; sourceTree = "<group>"; };
		6DC6C1FD25D0E20200512E36 /* Base */ = {isa = PBXFileReference; lastKnownFileType = text.plist.strings; name = Base; path = Base.lproj/Localizable.strings; sourceTree = "<group>"; };
		6DC6C20025D0E21E00512E36 /* zh-Hans */ = {isa = PBXFileReference; lastKnownFileType = text.plist.strings; name = "zh-Hans"; path = "zh-Hans.lproj/Localizable.strings"; sourceTree = "<group>"; };
		6DC6C20D25D0F3EF00512E36 /* CHTP.proto */ = {isa = PBXFileReference; lastKnownFileType = sourcecode.protobuf; path = CHTP.proto; sourceTree = "<group>"; };
		6DC6C21C25D0FB7600512E36 /* NotificationService.appex */ = {isa = PBXFileReference; explicitFileType = "wrapper.app-extension"; includeInIndex = 0; path = NotificationService.appex; sourceTree = BUILT_PRODUCTS_DIR; };
		6DC6C21E25D0FB7600512E36 /* NotificationService.h */ = {isa = PBXFileReference; lastKnownFileType = sourcecode.c.h; path = NotificationService.h; sourceTree = "<group>"; };
		6DC6C21F25D0FB7600512E36 /* NotificationService.m */ = {isa = PBXFileReference; lastKnownFileType = sourcecode.c.objc; path = NotificationService.m; sourceTree = "<group>"; };
		6DC6C22125D0FB7600512E36 /* Info.plist */ = {isa = PBXFileReference; lastKnownFileType = text.plist.xml; path = Info.plist; sourceTree = "<group>"; };
		6DC6C22D25D0FBEE00512E36 /* NotificationService.entitlements */ = {isa = PBXFileReference; lastKnownFileType = text.plist.entitlements; path = NotificationService.entitlements; sourceTree = "<group>"; };
		6DC6C24025D1117A00512E36 /* CHTheme.h */ = {isa = PBXFileReference; lastKnownFileType = sourcecode.c.h; path = CHTheme.h; sourceTree = "<group>"; };
		6DC6C24125D1117A00512E36 /* CHTheme.m */ = {isa = PBXFileReference; lastKnownFileType = sourcecode.c.objc; path = CHTheme.m; sourceTree = "<group>"; };
		6DC6C24725D1122100512E36 /* CHUtils.h */ = {isa = PBXFileReference; lastKnownFileType = sourcecode.c.h; path = CHUtils.h; sourceTree = "<group>"; };
		6DC6C24825D1122100512E36 /* CHUtils.m */ = {isa = PBXFileReference; lastKnownFileType = sourcecode.c.objc; path = CHUtils.m; sourceTree = "<group>"; };
		6DC6C24E25D1125300512E36 /* CHConfig.h */ = {isa = PBXFileReference; lastKnownFileType = sourcecode.c.h; path = CHConfig.h; sourceTree = "<group>"; };
		6DC6C25125D112BB00512E36 /* CHLogger.h */ = {isa = PBXFileReference; lastKnownFileType = sourcecode.c.h; path = CHLogger.h; sourceTree = "<group>"; };
		6DC6C25225D112BB00512E36 /* CHLogger.m */ = {isa = PBXFileReference; lastKnownFileType = sourcecode.c.objc; path = CHLogger.m; sourceTree = "<group>"; };
		6DC6C25825D1131E00512E36 /* Chanify.pch */ = {isa = PBXFileReference; lastKnownFileType = sourcecode.c.h; path = Chanify.pch; sourceTree = "<group>"; };
		6DC6C25E25D114E800512E36 /* NSData+CHExt.h */ = {isa = PBXFileReference; lastKnownFileType = sourcecode.c.h; path = "NSData+CHExt.h"; sourceTree = "<group>"; };
		6DC6C25F25D114E800512E36 /* NSData+CHExt.m */ = {isa = PBXFileReference; lastKnownFileType = sourcecode.c.objc; path = "NSData+CHExt.m"; sourceTree = "<group>"; };
		6DC6C26325D1151E00512E36 /* NSString+CHExt.h */ = {isa = PBXFileReference; lastKnownFileType = sourcecode.c.h; path = "NSString+CHExt.h"; sourceTree = "<group>"; };
		6DC6C26425D1151E00512E36 /* NSString+CHExt.m */ = {isa = PBXFileReference; lastKnownFileType = sourcecode.c.objc; path = "NSString+CHExt.m"; sourceTree = "<group>"; };
		6DC6C26825D1159C00512E36 /* CHRouter.h */ = {isa = PBXFileReference; lastKnownFileType = sourcecode.c.h; path = CHRouter.h; sourceTree = "<group>"; };
		6DC6C26925D1159C00512E36 /* CHRouter.m */ = {isa = PBXFileReference; lastKnownFileType = sourcecode.c.objc; path = CHRouter.m; sourceTree = "<group>"; };
		6DC6C26D25D13D2900512E36 /* CHNotification.h */ = {isa = PBXFileReference; lastKnownFileType = sourcecode.c.h; path = CHNotification.h; sourceTree = "<group>"; };
		6DC6C26E25D13D2900512E36 /* CHNotification.m */ = {isa = PBXFileReference; lastKnownFileType = sourcecode.c.objc; path = CHNotification.m; sourceTree = "<group>"; };
		6DC6C27225D13E5500512E36 /* CHLogic.h */ = {isa = PBXFileReference; lastKnownFileType = sourcecode.c.h; path = CHLogic.h; sourceTree = "<group>"; };
		6DC6C27325D13E5500512E36 /* CHLogic.m */ = {isa = PBXFileReference; lastKnownFileType = sourcecode.c.objc; path = CHLogic.m; sourceTree = "<group>"; };
		6DC6C27925D13EFA00512E36 /* CHUserModel.h */ = {isa = PBXFileReference; lastKnownFileType = sourcecode.c.h; path = CHUserModel.h; sourceTree = "<group>"; };
		6DC6C27A25D13EFA00512E36 /* CHUserModel.m */ = {isa = PBXFileReference; lastKnownFileType = sourcecode.c.objc; path = CHUserModel.m; sourceTree = "<group>"; };
		6DC6C28025D1408700512E36 /* CHTabBarViewController.h */ = {isa = PBXFileReference; lastKnownFileType = sourcecode.c.h; path = CHTabBarViewController.h; sourceTree = "<group>"; };
		6DC6C28125D1408700512E36 /* CHTabBarViewController.m */ = {isa = PBXFileReference; lastKnownFileType = sourcecode.c.objc; path = CHTabBarViewController.m; sourceTree = "<group>"; };
		6DC6C28725D1410D00512E36 /* UIViewController+CHExt.h */ = {isa = PBXFileReference; lastKnownFileType = sourcecode.c.h; path = "UIViewController+CHExt.h"; sourceTree = "<group>"; };
		6DC6C28825D1410D00512E36 /* UIViewController+CHExt.m */ = {isa = PBXFileReference; lastKnownFileType = sourcecode.c.objc; path = "UIViewController+CHExt.m"; sourceTree = "<group>"; };
		6DC6C28D25D1435A00512E36 /* CHLoginViewController.h */ = {isa = PBXFileReference; lastKnownFileType = sourcecode.c.h; path = CHLoginViewController.h; sourceTree = "<group>"; };
		6DC6C28E25D1435A00512E36 /* CHLoginViewController.m */ = {isa = PBXFileReference; lastKnownFileType = sourcecode.c.objc; path = CHLoginViewController.m; sourceTree = "<group>"; };
		6DC6C29825D143BC00512E36 /* CHWebViewController.h */ = {isa = PBXFileReference; lastKnownFileType = sourcecode.c.h; path = CHWebViewController.h; sourceTree = "<group>"; };
		6DC6C29925D143BC00512E36 /* CHWebViewController.m */ = {isa = PBXFileReference; lastKnownFileType = sourcecode.c.objc; path = CHWebViewController.m; sourceTree = "<group>"; };
		6DC6C29F25D1441100512E36 /* CHWebViewRefresher.h */ = {isa = PBXFileReference; lastKnownFileType = sourcecode.c.h; path = CHWebViewRefresher.h; sourceTree = "<group>"; };
		6DC6C2A025D1441100512E36 /* CHWebViewRefresher.m */ = {isa = PBXFileReference; lastKnownFileType = sourcecode.c.objc; path = CHWebViewRefresher.m; sourceTree = "<group>"; };
		6DC6C2A425D14BE000512E36 /* CHDevice.h */ = {isa = PBXFileReference; lastKnownFileType = sourcecode.c.h; path = CHDevice.h; sourceTree = "<group>"; };
		6DC6C2A525D14BE000512E36 /* CHDevice.m */ = {isa = PBXFileReference; lastKnownFileType = sourcecode.c.objc; path = CHDevice.m; sourceTree = "<group>"; };
		6DC6C2AC25D14C2400512E36 /* CHSecKey.h */ = {isa = PBXFileReference; lastKnownFileType = sourcecode.c.h; path = CHSecKey.h; sourceTree = "<group>"; };
		6DC6C2AD25D14C2400512E36 /* CHSecKey.m */ = {isa = PBXFileReference; lastKnownFileType = sourcecode.c.objc; path = CHSecKey.m; sourceTree = "<group>"; };
		6DC6C2B325D1592900512E36 /* NSException+CHExt.h */ = {isa = PBXFileReference; lastKnownFileType = sourcecode.c.h; path = "NSException+CHExt.h"; sourceTree = "<group>"; };
		6DC6C2B425D1592900512E36 /* NSException+CHExt.m */ = {isa = PBXFileReference; lastKnownFileType = sourcecode.c.objc; path = "NSException+CHExt.m"; sourceTree = "<group>"; };
		6DC6C2BE25D15A7900512E36 /* CHIndicatorView.h */ = {isa = PBXFileReference; lastKnownFileType = sourcecode.c.h; path = CHIndicatorView.h; sourceTree = "<group>"; };
		6DC6C2BF25D15A7900512E36 /* CHIndicatorView.m */ = {isa = PBXFileReference; lastKnownFileType = sourcecode.c.objc; path = CHIndicatorView.m; sourceTree = "<group>"; };
		6DC6C2C325D15A8600512E36 /* CHIndicatorPanelView.h */ = {isa = PBXFileReference; lastKnownFileType = sourcecode.c.h; path = CHIndicatorPanelView.h; sourceTree = "<group>"; };
		6DC6C2C425D15A8600512E36 /* CHIndicatorPanelView.m */ = {isa = PBXFileReference; lastKnownFileType = sourcecode.c.objc; path = CHIndicatorPanelView.m; sourceTree = "<group>"; };
		6DC6C2CB25D15B6300512E36 /* CHScanViewController.h */ = {isa = PBXFileReference; lastKnownFileType = sourcecode.c.h; path = CHScanViewController.h; sourceTree = "<group>"; };
		6DC6C2CC25D15B6300512E36 /* CHScanViewController.m */ = {isa = PBXFileReference; lastKnownFileType = sourcecode.c.objc; path = CHScanViewController.m; sourceTree = "<group>"; };
		6DC6C2D425D15CCD00512E36 /* CHManager.h */ = {isa = PBXFileReference; lastKnownFileType = sourcecode.c.h; path = CHManager.h; sourceTree = "<group>"; };
		6DC6C2D525D15CCD00512E36 /* CHManager.m */ = {isa = PBXFileReference; lastKnownFileType = sourcecode.c.objc; path = CHManager.m; sourceTree = "<group>"; };
		6DC6C2DB25D15DB100512E36 /* CHUserDataSource.h */ = {isa = PBXFileReference; lastKnownFileType = sourcecode.c.h; path = CHUserDataSource.h; sourceTree = "<group>"; };
		6DC6C2DC25D15DB100512E36 /* CHUserDataSource.m */ = {isa = PBXFileReference; lastKnownFileType = sourcecode.c.objc; path = CHUserDataSource.m; sourceTree = "<group>"; };
		6DC6C2E025D15E6B00512E36 /* CHChannelModel.h */ = {isa = PBXFileReference; lastKnownFileType = sourcecode.c.h; path = CHChannelModel.h; sourceTree = "<group>"; };
		6DC6C2E125D15E6B00512E36 /* CHChannelModel.m */ = {isa = PBXFileReference; lastKnownFileType = sourcecode.c.objc; path = CHChannelModel.m; sourceTree = "<group>"; };
		6DC6C2E525D15EC100512E36 /* CHMessageModel.h */ = {isa = PBXFileReference; lastKnownFileType = sourcecode.c.h; path = CHMessageModel.h; sourceTree = "<group>"; };
		6DC6C2E625D15EC100512E36 /* CHMessageModel.m */ = {isa = PBXFileReference; lastKnownFileType = sourcecode.c.objc; path = CHMessageModel.m; sourceTree = "<group>"; };
		6DC6C2EA25D15F9700512E36 /* CHNSDataSource.h */ = {isa = PBXFileReference; lastKnownFileType = sourcecode.c.h; path = CHNSDataSource.h; sourceTree = "<group>"; };
		6DC6C2EB25D15F9700512E36 /* CHNSDataSource.m */ = {isa = PBXFileReference; lastKnownFileType = sourcecode.c.objc; path = CHNSDataSource.m; sourceTree = "<group>"; };
		6DC6C2F425D1602F00512E36 /* NSURL+CHExt.h */ = {isa = PBXFileReference; lastKnownFileType = sourcecode.c.h; path = "NSURL+CHExt.h"; sourceTree = "<group>"; };
		6DC6C2F525D1602F00512E36 /* NSURL+CHExt.m */ = {isa = PBXFileReference; lastKnownFileType = sourcecode.c.objc; path = "NSURL+CHExt.m"; sourceTree = "<group>"; };
		6DC6C30F25D1611200512E36 /* NSDictionary+CHExt.h */ = {isa = PBXFileReference; lastKnownFileType = sourcecode.c.h; path = "NSDictionary+CHExt.h"; sourceTree = "<group>"; };
		6DC6C31025D1611200512E36 /* NSDictionary+CHExt.m */ = {isa = PBXFileReference; lastKnownFileType = sourcecode.c.objc; path = "NSDictionary+CHExt.m"; sourceTree = "<group>"; };
		6DC6C31725D1615100512E36 /* NSFileManager+CHExt.h */ = {isa = PBXFileReference; lastKnownFileType = sourcecode.c.h; path = "NSFileManager+CHExt.h"; sourceTree = "<group>"; };
		6DC6C31825D1615100512E36 /* NSFileManager+CHExt.m */ = {isa = PBXFileReference; lastKnownFileType = sourcecode.c.objc; path = "NSFileManager+CHExt.m"; sourceTree = "<group>"; };
		6DC6C32125D161DC00512E36 /* CHCrpyto.h */ = {isa = PBXFileReference; lastKnownFileType = sourcecode.c.h; path = CHCrpyto.h; sourceTree = "<group>"; };
		6DC6C32625D1626D00512E36 /* CryptoKit.swift */ = {isa = PBXFileReference; lastKnownFileType = sourcecode.swift; path = CryptoKit.swift; sourceTree = "<group>"; };
		6DC6C33C25D1694100512E36 /* CHChannelsViewController.h */ = {isa = PBXFileReference; lastKnownFileType = sourcecode.c.h; path = CHChannelsViewController.h; sourceTree = "<group>"; };
		6DC6C33D25D1694100512E36 /* CHChannelsViewController.m */ = {isa = PBXFileReference; lastKnownFileType = sourcecode.c.objc; path = CHChannelsViewController.m; sourceTree = "<group>"; };
		6DC6C34925D16A7300512E36 /* CHSettingsViewController.h */ = {isa = PBXFileReference; lastKnownFileType = sourcecode.c.h; path = CHSettingsViewController.h; sourceTree = "<group>"; };
		6DC6C34A25D16A7300512E36 /* CHSettingsViewController.m */ = {isa = PBXFileReference; lastKnownFileType = sourcecode.c.objc; path = CHSettingsViewController.m; sourceTree = "<group>"; };
		6DC6C35A25D16B6A00512E36 /* NSPredicate+CHExt.h */ = {isa = PBXFileReference; lastKnownFileType = sourcecode.c.h; path = "NSPredicate+CHExt.h"; sourceTree = "<group>"; };
		6DC6C35B25D16B6A00512E36 /* NSPredicate+CHExt.m */ = {isa = PBXFileReference; lastKnownFileType = sourcecode.c.objc; path = "NSPredicate+CHExt.m"; sourceTree = "<group>"; };
		6DC6C36125D16BCE00512E36 /* CHAcknowledgementsViewController.h */ = {isa = PBXFileReference; lastKnownFileType = sourcecode.c.h; path = CHAcknowledgementsViewController.h; sourceTree = "<group>"; };
		6DC6C36225D16BCE00512E36 /* CHAcknowledgementsViewController.m */ = {isa = PBXFileReference; lastKnownFileType = sourcecode.c.objc; path = CHAcknowledgementsViewController.m; sourceTree = "<group>"; };
		6DC6C36625D16C1600512E36 /* CHUserInfoViewController.h */ = {isa = PBXFileReference; lastKnownFileType = sourcecode.c.h; path = CHUserInfoViewController.h; sourceTree = "<group>"; };
		6DC6C36725D16C1600512E36 /* CHUserInfoViewController.m */ = {isa = PBXFileReference; lastKnownFileType = sourcecode.c.objc; path = CHUserInfoViewController.m; sourceTree = "<group>"; };
		6DC6C36D25D16C4E00512E36 /* CHQrCodeView.h */ = {isa = PBXFileReference; lastKnownFileType = sourcecode.c.h; path = CHQrCodeView.h; sourceTree = "<group>"; };
		6DC6C36E25D16C4E00512E36 /* CHQrCodeView.m */ = {isa = PBXFileReference; lastKnownFileType = sourcecode.c.objc; path = CHQrCodeView.m; sourceTree = "<group>"; };
		6DC6C37425D16CA000512E36 /* UIView+CHExt.h */ = {isa = PBXFileReference; lastKnownFileType = sourcecode.c.h; path = "UIView+CHExt.h"; sourceTree = "<group>"; };
		6DC6C37525D16CA000512E36 /* UIView+CHExt.m */ = {isa = PBXFileReference; lastKnownFileType = sourcecode.c.objc; path = "UIView+CHExt.m"; sourceTree = "<group>"; };
		6DC6C37D25D16E1800512E36 /* CHCellConfiguration.h */ = {isa = PBXFileReference; lastKnownFileType = sourcecode.c.h; path = CHCellConfiguration.h; sourceTree = "<group>"; };
		6DC6C37E25D16E1800512E36 /* CHCellConfiguration.m */ = {isa = PBXFileReference; lastKnownFileType = sourcecode.c.objc; path = CHCellConfiguration.m; sourceTree = "<group>"; };
		6DC6C38425D16E4200512E36 /* CHDateCellConfiguration.h */ = {isa = PBXFileReference; lastKnownFileType = sourcecode.c.h; path = CHDateCellConfiguration.h; sourceTree = "<group>"; };
		6DC6C38525D16E4200512E36 /* CHDateCellConfiguration.m */ = {isa = PBXFileReference; lastKnownFileType = sourcecode.c.objc; path = CHDateCellConfiguration.m; sourceTree = "<group>"; };
		6DC6C38925D16E6A00512E36 /* CHMsgCellConfiguration.h */ = {isa = PBXFileReference; lastKnownFileType = sourcecode.c.h; path = CHMsgCellConfiguration.h; sourceTree = "<group>"; };
		6DC6C38A25D16E6A00512E36 /* CHMsgCellConfiguration.m */ = {isa = PBXFileReference; lastKnownFileType = sourcecode.c.objc; path = CHMsgCellConfiguration.m; sourceTree = "<group>"; };
		6DC6C38E25D16EA200512E36 /* CHTextMsgCellConfiguration.h */ = {isa = PBXFileReference; lastKnownFileType = sourcecode.c.h; path = CHTextMsgCellConfiguration.h; sourceTree = "<group>"; };
		6DC6C38F25D16EA200512E36 /* CHTextMsgCellConfiguration.m */ = {isa = PBXFileReference; lastKnownFileType = sourcecode.c.objc; path = CHTextMsgCellConfiguration.m; sourceTree = "<group>"; };
		6DC6C39325D16ECA00512E36 /* CHUnknownMsgCellConfiguration.h */ = {isa = PBXFileReference; lastKnownFileType = sourcecode.c.h; path = CHUnknownMsgCellConfiguration.h; sourceTree = "<group>"; };
		6DC6C39425D16ECA00512E36 /* CHUnknownMsgCellConfiguration.m */ = {isa = PBXFileReference; lastKnownFileType = sourcecode.c.objc; path = CHUnknownMsgCellConfiguration.m; sourceTree = "<group>"; };
		6DC6C39825D16FAC00512E36 /* CHMessagesHeaderView.h */ = {isa = PBXFileReference; lastKnownFileType = sourcecode.c.h; path = CHMessagesHeaderView.h; sourceTree = "<group>"; };
		6DC6C39925D16FAC00512E36 /* CHMessagesHeaderView.m */ = {isa = PBXFileReference; lastKnownFileType = sourcecode.c.objc; path = CHMessagesHeaderView.m; sourceTree = "<group>"; };
		6DC6C39D25D16FE600512E36 /* CHMessagesDataSource.h */ = {isa = PBXFileReference; lastKnownFileType = sourcecode.c.h; path = CHMessagesDataSource.h; sourceTree = "<group>"; };
		6DC6C39E25D16FE600512E36 /* CHMessagesDataSource.m */ = {isa = PBXFileReference; lastKnownFileType = sourcecode.c.objc; path = CHMessagesDataSource.m; sourceTree = "<group>"; };
		6DC6C3A225D1700A00512E36 /* CHChannelViewController.h */ = {isa = PBXFileReference; lastKnownFileType = sourcecode.c.h; path = CHChannelViewController.h; sourceTree = "<group>"; };
		6DC6C3A325D1700A00512E36 /* CHChannelViewController.m */ = {isa = PBXFileReference; lastKnownFileType = sourcecode.c.objc; path = CHChannelViewController.m; sourceTree = "<group>"; };
		6DC6C3A725D1702F00512E36 /* CHChannelNewViewController.h */ = {isa = PBXFileReference; lastKnownFileType = sourcecode.c.h; path = CHChannelNewViewController.h; sourceTree = "<group>"; };
		6DC6C3A825D1702F00512E36 /* CHChannelNewViewController.m */ = {isa = PBXFileReference; lastKnownFileType = sourcecode.c.objc; path = CHChannelNewViewController.m; sourceTree = "<group>"; };
		6DC6C3AC25D1705100512E36 /* CHChannelDetailViewController.h */ = {isa = PBXFileReference; lastKnownFileType = sourcecode.c.h; path = CHChannelDetailViewController.h; sourceTree = "<group>"; };
		6DC6C3AD25D1705100512E36 /* CHChannelDetailViewController.m */ = {isa = PBXFileReference; lastKnownFileType = sourcecode.c.objc; path = CHChannelDetailViewController.m; sourceTree = "<group>"; };
		6DC6C3B325D2193500512E36 /* CHMock.h */ = {isa = PBXFileReference; lastKnownFileType = sourcecode.c.h; path = CHMock.h; sourceTree = "<group>"; };
		6DC6C3B425D2193500512E36 /* CHMock.m */ = {isa = PBXFileReference; lastKnownFileType = sourcecode.c.objc; path = CHMock.m; sourceTree = "<group>"; };
		6DCAD21F2621D52F00F43F20 /* CHWebFileManager.h */ = {isa = PBXFileReference; lastKnownFileType = sourcecode.c.h; path = CHWebFileManager.h; sourceTree = "<group>"; };
		6DCAD2202621D52F00F43F20 /* CHWebFileManager.m */ = {isa = PBXFileReference; lastKnownFileType = sourcecode.c.objc; path = CHWebFileManager.m; sourceTree = "<group>"; };
		6DCC882B25FB62D70028B473 /* CHToken.h */ = {isa = PBXFileReference; lastKnownFileType = sourcecode.c.h; path = CHToken.h; sourceTree = "<group>"; };
		6DCC882C25FB62D70028B473 /* CHToken.m */ = {isa = PBXFileReference; lastKnownFileType = sourcecode.c.objc; path = CHToken.m; sourceTree = "<group>"; };
		6DD5A0F7260EF99E00799032 /* CHWebObjectManager.h */ = {isa = PBXFileReference; lastKnownFileType = sourcecode.c.h; path = CHWebObjectManager.h; sourceTree = "<group>"; };
		6DD5A0F8260EF99E00799032 /* CHWebObjectManager.m */ = {isa = PBXFileReference; lastKnownFileType = sourcecode.c.objc; path = CHWebObjectManager.m; sourceTree = "<group>"; };
		6DD5A101260EFB9900799032 /* CHWebImageView.h */ = {isa = PBXFileReference; lastKnownFileType = sourcecode.c.h; path = CHWebImageView.h; sourceTree = "<group>"; };
		6DD5A102260EFB9900799032 /* CHWebImageView.m */ = {isa = PBXFileReference; lastKnownFileType = sourcecode.c.objc; path = CHWebImageView.m; sourceTree = "<group>"; };
		6DD6954425F1FF6C0047FF08 /* CHFormViewController.h */ = {isa = PBXFileReference; lastKnownFileType = sourcecode.c.h; path = CHFormViewController.h; sourceTree = "<group>"; };
		6DD6954525F1FF6C0047FF08 /* CHFormViewController.m */ = {isa = PBXFileReference; lastKnownFileType = sourcecode.c.objc; path = CHFormViewController.m; sourceTree = "<group>"; };
		6DD6954925F20BFD0047FF08 /* CHForm.h */ = {isa = PBXFileReference; lastKnownFileType = sourcecode.c.h; path = CHForm.h; sourceTree = "<group>"; };
		6DD6954A25F20BFD0047FF08 /* CHForm.m */ = {isa = PBXFileReference; lastKnownFileType = sourcecode.c.objc; path = CHForm.m; sourceTree = "<group>"; };
		6DD6954E25F20C140047FF08 /* CHFormSection.h */ = {isa = PBXFileReference; lastKnownFileType = sourcecode.c.h; path = CHFormSection.h; sourceTree = "<group>"; };
		6DD6954F25F20C140047FF08 /* CHFormSection.m */ = {isa = PBXFileReference; lastKnownFileType = sourcecode.c.objc; path = CHFormSection.m; sourceTree = "<group>"; };
		6DD7B5A7260DC360001D5DCB /* CHSoundsViewController.h */ = {isa = PBXFileReference; lastKnownFileType = sourcecode.c.h; path = CHSoundsViewController.h; sourceTree = "<group>"; };
		6DD7B5A8260DC360001D5DCB /* CHSoundsViewController.m */ = {isa = PBXFileReference; lastKnownFileType = sourcecode.c.objc; path = CHSoundsViewController.m; sourceTree = "<group>"; };
		6DD7B5AE260DE2D4001D5DCB /* CHImageMsgCellConfiguration.h */ = {isa = PBXFileReference; lastKnownFileType = sourcecode.c.h; path = CHImageMsgCellConfiguration.h; sourceTree = "<group>"; };
		6DD7B5AF260DE2D4001D5DCB /* CHImageMsgCellConfiguration.m */ = {isa = PBXFileReference; lastKnownFileType = sourcecode.c.objc; path = CHImageMsgCellConfiguration.m; sourceTree = "<group>"; };
		6DD7B5B5260DE63B001D5DCB /* CHBubbleMsgCellConfiguration.h */ = {isa = PBXFileReference; lastKnownFileType = sourcecode.c.h; path = CHBubbleMsgCellConfiguration.h; sourceTree = "<group>"; };
		6DD7B5B6260DE63B001D5DCB /* CHBubbleMsgCellConfiguration.m */ = {isa = PBXFileReference; lastKnownFileType = sourcecode.c.objc; path = CHBubbleMsgCellConfiguration.m; sourceTree = "<group>"; };
		6DD7B5D7260DF520001D5DCB /* NSString+CHLocalized.h */ = {isa = PBXFileReference; lastKnownFileType = sourcecode.c.h; path = "NSString+CHLocalized.h"; sourceTree = "<group>"; };
		6DD7B5D8260DF520001D5DCB /* NSString+CHLocalized.m */ = {isa = PBXFileReference; lastKnownFileType = sourcecode.c.objc; path = "NSString+CHLocalized.m"; sourceTree = "<group>"; };
		6DD7B5DE260DF588001D5DCB /* NSString+CHNotification.m */ = {isa = PBXFileReference; lastKnownFileType = sourcecode.c.objc; path = "NSString+CHNotification.m"; sourceTree = "<group>"; };
		6DD969C425F479B800EEEECF /* CHIconsViewController.h */ = {isa = PBXFileReference; lastKnownFileType = sourcecode.c.h; path = CHIconsViewController.h; sourceTree = "<group>"; };
		6DD969C525F479B800EEEECF /* CHIconsViewController.m */ = {isa = PBXFileReference; lastKnownFileType = sourcecode.c.objc; path = CHIconsViewController.m; sourceTree = "<group>"; };
		6DD969CB25F47A6300EEEECF /* CHFormIconItem.h */ = {isa = PBXFileReference; lastKnownFileType = sourcecode.c.h; path = CHFormIconItem.h; sourceTree = "<group>"; };
		6DD969CC25F47A6300EEEECF /* CHFormIconItem.m */ = {isa = PBXFileReference; lastKnownFileType = sourcecode.c.objc; path = CHFormIconItem.m; sourceTree = "<group>"; };
		6DD969D225F4A1E700EEEECF /* CHIconView.h */ = {isa = PBXFileReference; lastKnownFileType = sourcecode.c.h; path = CHIconView.h; sourceTree = "<group>"; };
		6DD969D325F4A1E700EEEECF /* CHIconView.m */ = {isa = PBXFileReference; lastKnownFileType = sourcecode.c.objc; path = CHIconView.m; sourceTree = "<group>"; };
		6DDC86A725E7408E00C26203 /* CHNodeModel.h */ = {isa = PBXFileReference; lastKnownFileType = sourcecode.c.h; path = CHNodeModel.h; sourceTree = "<group>"; };
		6DDC86A825E7408E00C26203 /* CHNodeModel.m */ = {isa = PBXFileReference; lastKnownFileType = sourcecode.c.objc; path = CHNodeModel.m; sourceTree = "<group>"; };
		6DDC86B225E7446A00C26203 /* CHNodeTableViewCell.h */ = {isa = PBXFileReference; lastKnownFileType = sourcecode.c.h; path = CHNodeTableViewCell.h; sourceTree = "<group>"; };
		6DDC86B325E7446A00C26203 /* CHNodeTableViewCell.m */ = {isa = PBXFileReference; lastKnownFileType = sourcecode.c.objc; path = CHNodeTableViewCell.m; sourceTree = "<group>"; };
		6DDC86BC25E745AF00C26203 /* CHTableViewCell.h */ = {isa = PBXFileReference; lastKnownFileType = sourcecode.c.h; path = CHTableViewCell.h; sourceTree = "<group>"; };
		6DDC86BD25E745AF00C26203 /* CHTableViewCell.m */ = {isa = PBXFileReference; lastKnownFileType = sourcecode.c.objc; path = CHTableViewCell.m; sourceTree = "<group>"; };
		6DDC86C225E74F0C00C26203 /* CHNodeViewController.h */ = {isa = PBXFileReference; lastKnownFileType = sourcecode.c.h; path = CHNodeViewController.h; sourceTree = "<group>"; };
		6DDC86C325E74F0C00C26203 /* CHNodeViewController.m */ = {isa = PBXFileReference; lastKnownFileType = sourcecode.c.objc; path = CHNodeViewController.m; sourceTree = "<group>"; };
		6DEC569C25F4F6F600AD6DC9 /* CHIconConfiguration.h */ = {isa = PBXFileReference; lastKnownFileType = sourcecode.c.h; path = CHIconConfiguration.h; sourceTree = "<group>"; };
		6DEC569D25F4F6F600AD6DC9 /* CHIconConfiguration.m */ = {isa = PBXFileReference; lastKnownFileType = sourcecode.c.objc; path = CHIconConfiguration.m; sourceTree = "<group>"; };
		77860262C85473FCE5AADE06 /* libPods-NotificationService.a */ = {isa = PBXFileReference; explicitFileType = archive.ar; includeInIndex = 0; path = "libPods-NotificationService.a"; sourceTree = BUILT_PRODUCTS_DIR; };
		84478BB35AC049B8F080A494 /* Pods-NotificationService.debug.xcconfig */ = {isa = PBXFileReference; includeInIndex = 1; lastKnownFileType = text.xcconfig; name = "Pods-NotificationService.debug.xcconfig"; path = "Target Support Files/Pods-NotificationService/Pods-NotificationService.debug.xcconfig"; sourceTree = "<group>"; };
		88B60DC2DA57301D0741245B /* Pods-NotificationService.release.xcconfig */ = {isa = PBXFileReference; includeInIndex = 1; lastKnownFileType = text.xcconfig; name = "Pods-NotificationService.release.xcconfig"; path = "Target Support Files/Pods-NotificationService/Pods-NotificationService.release.xcconfig"; sourceTree = "<group>"; };
		D5B1F40BCE80A4DDFEB56F70 /* libPods-Chanify.a */ = {isa = PBXFileReference; explicitFileType = archive.ar; includeInIndex = 0; path = "libPods-Chanify.a"; sourceTree = BUILT_PRODUCTS_DIR; };
		DE20795FBEF5ADCF265D5783 /* Pods-Chanify.release.xcconfig */ = {isa = PBXFileReference; includeInIndex = 1; lastKnownFileType = text.xcconfig; name = "Pods-Chanify.release.xcconfig"; path = "Target Support Files/Pods-Chanify/Pods-Chanify.release.xcconfig"; sourceTree = "<group>"; };
/* End PBXFileReference section */

/* Begin PBXFrameworksBuildPhase section */
		6DC6C1BC25D0DCD100512E36 /* Frameworks */ = {
			isa = PBXFrameworksBuildPhase;
			buildActionMask = 2147483647;
			files = (
				55AC77D7F97CF382C0A72C50 /* libPods-Chanify.a in Frameworks */,
			);
			runOnlyForDeploymentPostprocessing = 0;
		};
		6DC6C21925D0FB7600512E36 /* Frameworks */ = {
			isa = PBXFrameworksBuildPhase;
			buildActionMask = 2147483647;
			files = (
				E1FF8005990C1480B5C3EF98 /* libPods-NotificationService.a in Frameworks */,
			);
			runOnlyForDeploymentPostprocessing = 0;
		};
/* End PBXFrameworksBuildPhase section */

/* Begin PBXGroup section */
		005CB7060C370EAED6BFCAF1 /* Pods */ = {
			isa = PBXGroup;
			children = (
				518C6AACAB0FE1992637FCE8 /* Pods-Chanify.debug.xcconfig */,
				DE20795FBEF5ADCF265D5783 /* Pods-Chanify.release.xcconfig */,
				84478BB35AC049B8F080A494 /* Pods-NotificationService.debug.xcconfig */,
				88B60DC2DA57301D0741245B /* Pods-NotificationService.release.xcconfig */,
			);
			path = Pods;
			sourceTree = "<group>";
		};
		6D278EA125E4CC4800FC48CD /* Nodes */ = {
			isa = PBXGroup;
			children = (
				6D278EA625E4CC9500FC48CD /* CHNodesViewController.h */,
				6D278EA725E4CC9500FC48CD /* CHNodesViewController.m */,
				6DDC86B225E7446A00C26203 /* CHNodeTableViewCell.h */,
				6DDC86B325E7446A00C26203 /* CHNodeTableViewCell.m */,
			);
			path = Nodes;
			sourceTree = "<group>";
		};
		6D4416F425F264540041EBA0 /* Item */ = {
			isa = PBXGroup;
			children = (
				6D8F9EAA25EF45E800A8912C /* CHFormItem.h */,
				6D8F9EAB25EF45E800A8912C /* CHFormItem.m */,
				6D4416FC25F2655C0041EBA0 /* CHFormValueItem.h */,
				6D4416FD25F2655C0041EBA0 /* CHFormValueItem.m */,
				6D44170325F273150041EBA0 /* CHFormCodeItem.h */,
				6D44170425F273150041EBA0 /* CHFormCodeItem.m */,
				6D9C209226020A4200F40CDD /* CHFormSwitchItem.h */,
				6D9C209326020A4200F40CDD /* CHFormSwitchItem.m */,
				6D4416F725F264A70041EBA0 /* CHFormButtonItem.h */,
				6D4416F825F264A70041EBA0 /* CHFormButtonItem.m */,
				6DD969CB25F47A6300EEEECF /* CHFormIconItem.h */,
				6DD969CC25F47A6300EEEECF /* CHFormIconItem.m */,
				6D44171125F330630041EBA0 /* CHFormInputItem.h */,
				6D44171225F330630041EBA0 /* CHFormInputItem.m */,
				6D44170A25F278D80041EBA0 /* CHFormSelectorItem.h */,
				6D44170B25F278D80041EBA0 /* CHFormSelectorItem.m */,
			);
			path = Item;
			sourceTree = "<group>";
		};
		6D8F9EA025EF435000A8912C /* Form */ = {
			isa = PBXGroup;
			children = (
				6D4416F425F264540041EBA0 /* Item */,
				6DD6954925F20BFD0047FF08 /* CHForm.h */,
				6DD6954A25F20BFD0047FF08 /* CHForm.m */,
				6DD6954E25F20C140047FF08 /* CHFormSection.h */,
				6DD6954F25F20C140047FF08 /* CHFormSection.m */,
				6DD6954425F1FF6C0047FF08 /* CHFormViewController.h */,
				6DD6954525F1FF6C0047FF08 /* CHFormViewController.m */,
			);
			path = Form;
			sourceTree = "<group>";
		};
		6DABBB2E2612E2F200FCBDD3 /* Preview */ = {
			isa = PBXGroup;
			children = (
				6DABBB272612D9EA00FCBDD3 /* CHPreviewItem.h */,
				6DABBB282612D9EA00FCBDD3 /* CHPreviewItem.m */,
				6DABBB2F2612E33D00FCBDD3 /* CHPreviewController.h */,
				6DABBB302612E33D00FCBDD3 /* CHPreviewController.m */,
			);
			path = Preview;
			sourceTree = "<group>";
		};
		6DBA92DC25F8A82100B792FE /* Split​View​ */ = {
			isa = PBXGroup;
			children = (
				6DBA92DD25F8A83700B792FE /* CHSplitViewController.h */,
				6DBA92DE25F8A83700B792FE /* CHSplitViewController.m */,
			);
			path = "Split​View​";
			sourceTree = "<group>";
		};
		6DC6C1B625D0DCD100512E36 = {
			isa = PBXGroup;
			children = (
				6DC6C1C125D0DCD100512E36 /* Chanify */,
				6DC6C21D25D0FB7600512E36 /* NotificationService */,
				6DC6C1C025D0DCD100512E36 /* Products */,
				005CB7060C370EAED6BFCAF1 /* Pods */,
				AA9D7AE19CD99A925739E3F6 /* Frameworks */,
			);
			sourceTree = "<group>";
		};
		6DC6C1C025D0DCD100512E36 /* Products */ = {
			isa = PBXGroup;
			children = (
				6DC6C1BF25D0DCD100512E36 /* Chanify.app */,
				6DC6C21C25D0FB7600512E36 /* NotificationService.appex */,
			);
			name = Products;
			sourceTree = "<group>";
		};
		6DC6C1C125D0DCD100512E36 /* Chanify */ = {
			isa = PBXGroup;
			children = (
				6DC6C1E725D0DE3800512E36 /* Classes */,
				6DC6C1E925D0DEA700512E36 /* Views */,
				6DC6C20C25D0F3C500512E36 /* Models */,
				6DC6C2AB25D14C1300512E36 /* Security */,
				6DC6C23F25D1114000512E36 /* Services */,
				6DC6C25D25D114B400512E36 /* Extensions */,
				6DC6C1EA25D0DEB200512E36 /* Resources */,
				6DC6C1F025D0DF2B00512E36 /* Chanify.entitlements */,
			);
			path = Chanify;
			sourceTree = "<group>";
		};
		6DC6C1E725D0DE3800512E36 /* Classes */ = {
			isa = PBXGroup;
			children = (
				6DC6C1C225D0DCD100512E36 /* AppDelegate.h */,
				6DC6C1C325D0DCD100512E36 /* AppDelegate.m */,
				6DC6C25125D112BB00512E36 /* CHLogger.h */,
				6DC6C25225D112BB00512E36 /* CHLogger.m */,
				6DC6C24725D1122100512E36 /* CHUtils.h */,
				6DC6C24825D1122100512E36 /* CHUtils.m */,
				6DC6C3B325D2193500512E36 /* CHMock.h */,
				6DC6C3B425D2193500512E36 /* CHMock.m */,
				6DC6C24E25D1125300512E36 /* CHConfig.h */,
				6DC6C25825D1131E00512E36 /* Chanify.pch */,
				6DC6C1D425D0DCD200512E36 /* main.m */,
			);
			path = Classes;
			sourceTree = "<group>";
		};
		6DC6C1E925D0DEA700512E36 /* Views */ = {
			isa = PBXGroup;
			children = (
				6DBA92DC25F8A82100B792FE /* Split​View​ */,
				6DC6C33125D1680D00512E36 /* Channels */,
				6DC6C37B25D16DE600512E36 /* Channel */,
				6D278EA125E4CC4800FC48CD /* Nodes */,
				6DDC86C125E74EF900C26203 /* Node */,
				6DC6C34825D16A6300512E36 /* Settings */,
				6DC6C27E25D1406E00512E36 /* TabBar */,
				6D8F9EA025EF435000A8912C /* Form */,
				6DD969C325F4799B00EEEECF /* Icons */,
				6DC6C28C25D1433F00512E36 /* Login */,
				6DC6C2CA25D15B4100512E36 /* Scan */,
				6DC6C29725D143AB00512E36 /* Web */,
				6DC6C29425D1435F00512E36 /* Utils */,
			);
			path = Views;
			sourceTree = "<group>";
		};
		6DC6C1EA25D0DEB200512E36 /* Resources */ = {
			isa = PBXGroup;
			children = (
				6DC6C1F325D0E18600512E36 /* Settings.bundle */,
				6DC6C1F625D0E1A100512E36 /* InfoPlist.strings */,
				6DC6C1FC25D0E20200512E36 /* Localizable.strings */,
				6DC6C1CE25D0DCD200512E36 /* Assets.xcassets */,
				6DC6C1D025D0DCD200512E36 /* LaunchScreen.storyboard */,
				6DC6C1D325D0DCD200512E36 /* Info.plist */,
			);
			path = Resources;
			sourceTree = "<group>";
		};
		6DC6C20C25D0F3C500512E36 /* Models */ = {
			isa = PBXGroup;
			children = (
				6DC6C20D25D0F3EF00512E36 /* CHTP.proto */,
				6DCC882B25FB62D70028B473 /* CHToken.h */,
				6DCC882C25FB62D70028B473 /* CHToken.m */,
				6DC6C27925D13EFA00512E36 /* CHUserModel.h */,
				6DC6C27A25D13EFA00512E36 /* CHUserModel.m */,
				6DDC86A725E7408E00C26203 /* CHNodeModel.h */,
				6DDC86A825E7408E00C26203 /* CHNodeModel.m */,
				6DC6C2E025D15E6B00512E36 /* CHChannelModel.h */,
				6DC6C2E125D15E6B00512E36 /* CHChannelModel.m */,
				6DC6C2E525D15EC100512E36 /* CHMessageModel.h */,
				6DC6C2E625D15EC100512E36 /* CHMessageModel.m */,
				6DABBB1F2612BDFC00FCBDD3 /* CHThumbnailModel.h */,
				6DABBB202612BDFC00FCBDD3 /* CHThumbnailModel.m */,
			);
			path = Models;
			sourceTree = "<group>";
		};
		6DC6C21D25D0FB7600512E36 /* NotificationService */ = {
			isa = PBXGroup;
			children = (
				6DC6C22D25D0FBEE00512E36 /* NotificationService.entitlements */,
				6DC6C21E25D0FB7600512E36 /* NotificationService.h */,
				6DC6C21F25D0FB7600512E36 /* NotificationService.m */,
				6DC6C22125D0FB7600512E36 /* Info.plist */,
			);
			path = NotificationService;
			sourceTree = "<group>";
		};
		6DC6C23F25D1114000512E36 /* Services */ = {
			isa = PBXGroup;
			children = (
				6DC6C27225D13E5500512E36 /* CHLogic.h */,
				6DC6C27325D13E5500512E36 /* CHLogic.m */,
				6DC6C24025D1117A00512E36 /* CHTheme.h */,
				6DC6C24125D1117A00512E36 /* CHTheme.m */,
				6DC6C26825D1159C00512E36 /* CHRouter.h */,
				6DC6C26925D1159C00512E36 /* CHRouter.m */,
				6DC6C2A425D14BE000512E36 /* CHDevice.h */,
				6DC6C2A525D14BE000512E36 /* CHDevice.m */,
				6DC6C2D425D15CCD00512E36 /* CHManager.h */,
				6DC6C2D525D15CCD00512E36 /* CHManager.m */,
				6DAE516926155C8C00AF9E90 /* CHPasteboard.h */,
				6DAE516A26155C8C00AF9E90 /* CHPasteboard.m */,
				6DC6C26D25D13D2900512E36 /* CHNotification.h */,
				6DC6C26E25D13D2900512E36 /* CHNotification.m */,
				6DC6C2EA25D15F9700512E36 /* CHNSDataSource.h */,
				6DC6C2EB25D15F9700512E36 /* CHNSDataSource.m */,
				6DC6C2DB25D15DB100512E36 /* CHUserDataSource.h */,
				6DC6C2DC25D15DB100512E36 /* CHUserDataSource.m */,
				6DBF866126183E53006F108C /* CHLinkMetaManager.h */,
				6DBF866226183E53006F108C /* CHLinkMetaManager.m */,
				6DCAD21F2621D52F00F43F20 /* CHWebFileManager.h */,
				6DCAD2202621D52F00F43F20 /* CHWebFileManager.m */,
				6DD5A0F7260EF99E00799032 /* CHWebObjectManager.h */,
				6DD5A0F8260EF99E00799032 /* CHWebObjectManager.m */,
			);
			path = Services;
			sourceTree = "<group>";
		};
		6DC6C25D25D114B400512E36 /* Extensions */ = {
			isa = PBXGroup;
			children = (
				6DC6C2F425D1602F00512E36 /* NSURL+CHExt.h */,
				6DC6C2F525D1602F00512E36 /* NSURL+CHExt.m */,
				6D67CBD925D3BAD700ECF655 /* NSDate+CHExt.h */,
				6D67CBDA25D3BAD700ECF655 /* NSDate+CHExt.m */,
				6DC6C25E25D114E800512E36 /* NSData+CHExt.h */,
				6DC6C25F25D114E800512E36 /* NSData+CHExt.m */,
				6DC6C26325D1151E00512E36 /* NSString+CHExt.h */,
				6DC6C26425D1151E00512E36 /* NSString+CHExt.m */,
				6DD7B5D7260DF520001D5DCB /* NSString+CHLocalized.h */,
				6DD7B5D8260DF520001D5DCB /* NSString+CHLocalized.m */,
				6DD7B5DE260DF588001D5DCB /* NSString+CHNotification.m */,
				6DC6C35A25D16B6A00512E36 /* NSPredicate+CHExt.h */,
				6DC6C35B25D16B6A00512E36 /* NSPredicate+CHExt.m */,
				6DC6C2B325D1592900512E36 /* NSException+CHExt.h */,
				6DC6C2B425D1592900512E36 /* NSException+CHExt.m */,
				6DC6C30F25D1611200512E36 /* NSDictionary+CHExt.h */,
				6DC6C31025D1611200512E36 /* NSDictionary+CHExt.m */,
				6DC6C31725D1615100512E36 /* NSFileManager+CHExt.h */,
				6DC6C31825D1615100512E36 /* NSFileManager+CHExt.m */,
				6DBA92C325F60B3B00B792FE /* UIColor+CHExt.h */,
				6DBA92C425F60B3B00B792FE /* UIColor+CHExt.m */,
				6DC6C37425D16CA000512E36 /* UIView+CHExt.h */,
				6DC6C37525D16CA000512E36 /* UIView+CHExt.m */,
				6DC6C28725D1410D00512E36 /* UIViewController+CHExt.h */,
				6DC6C28825D1410D00512E36 /* UIViewController+CHExt.m */,
			);
			path = Extensions;
			sourceTree = "<group>";
		};
		6DC6C27E25D1406E00512E36 /* TabBar */ = {
			isa = PBXGroup;
			children = (
				6DC6C28025D1408700512E36 /* CHTabBarViewController.h */,
				6DC6C28125D1408700512E36 /* CHTabBarViewController.m */,
			);
			path = TabBar;
			sourceTree = "<group>";
		};
		6DC6C28C25D1433F00512E36 /* Login */ = {
			isa = PBXGroup;
			children = (
				6DC6C28D25D1435A00512E36 /* CHLoginViewController.h */,
				6DC6C28E25D1435A00512E36 /* CHLoginViewController.m */,
			);
			path = Login;
			sourceTree = "<group>";
		};
		6DC6C29425D1435F00512E36 /* Utils */ = {
			isa = PBXGroup;
			children = (
				6DABBB2E2612E2F200FCBDD3 /* Preview */,
				6DDC86B925E7457B00C26203 /* IndicatorView */,
				6DDC86B725E7456000C26203 /* TableView */,
				6DC6C1C825D0DCD100512E36 /* CHViewController.h */,
				6DC6C1C925D0DCD100512E36 /* CHViewController.m */,
				6DC6C36D25D16C4E00512E36 /* CHQrCodeView.h */,
				6DC6C36E25D16C4E00512E36 /* CHQrCodeView.m */,
				6D278E6725E222C300FC48CD /* CHCodeFormatter.h */,
				6D278E6825E222C300FC48CD /* CHCodeFormatter.m */,
				6DD5A101260EFB9900799032 /* CHWebImageView.h */,
				6DD5A102260EFB9900799032 /* CHWebImageView.m */,
			);
			path = Utils;
			sourceTree = "<group>";
		};
		6DC6C29725D143AB00512E36 /* Web */ = {
			isa = PBXGroup;
			children = (
				6DC6C29825D143BC00512E36 /* CHWebViewController.h */,
				6DC6C29925D143BC00512E36 /* CHWebViewController.m */,
				6DC6C29F25D1441100512E36 /* CHWebViewRefresher.h */,
				6DC6C2A025D1441100512E36 /* CHWebViewRefresher.m */,
			);
			path = Web;
			sourceTree = "<group>";
		};
		6DC6C2AB25D14C1300512E36 /* Security */ = {
			isa = PBXGroup;
			children = (
				6DC6C32125D161DC00512E36 /* CHCrpyto.h */,
				6D67CBE925D4298A00ECF655 /* CHCrpyto.m */,
				6DC6C2AC25D14C2400512E36 /* CHSecKey.h */,
				6DC6C2AD25D14C2400512E36 /* CHSecKey.m */,
				6DC6C32625D1626D00512E36 /* CryptoKit.swift */,
			);
			path = Security;
			sourceTree = "<group>";
		};
		6DC6C2CA25D15B4100512E36 /* Scan */ = {
			isa = PBXGroup;
			children = (
				6DC6C2CB25D15B6300512E36 /* CHScanViewController.h */,
				6DC6C2CC25D15B6300512E36 /* CHScanViewController.m */,
			);
			path = Scan;
			sourceTree = "<group>";
		};
		6DC6C33125D1680D00512E36 /* Channels */ = {
			isa = PBXGroup;
			children = (
				6DC6C33C25D1694100512E36 /* CHChannelsViewController.h */,
				6DC6C33D25D1694100512E36 /* CHChannelsViewController.m */,
				6D278E3F25E0ECAC00FC48CD /* CHChannelTableViewCell.h */,
				6D278E4025E0ECAC00FC48CD /* CHChannelTableViewCell.m */,
			);
			path = Channels;
			sourceTree = "<group>";
		};
		6DC6C34825D16A6300512E36 /* Settings */ = {
			isa = PBXGroup;
			children = (
				6DC6C34925D16A7300512E36 /* CHSettingsViewController.h */,
				6DC6C34A25D16A7300512E36 /* CHSettingsViewController.m */,
				6DC6C36625D16C1600512E36 /* CHUserInfoViewController.h */,
				6DC6C36725D16C1600512E36 /* CHUserInfoViewController.m */,
				6DD7B5A7260DC360001D5DCB /* CHSoundsViewController.h */,
				6DD7B5A8260DC360001D5DCB /* CHSoundsViewController.m */,
				6D278E5C25E1EF7A00FC48CD /* CHPrivacyViewController.h */,
				6D278E5D25E1EF7A00FC48CD /* CHPrivacyViewController.m */,
				6DC6C36125D16BCE00512E36 /* CHAcknowledgementsViewController.h */,
				6DC6C36225D16BCE00512E36 /* CHAcknowledgementsViewController.m */,
			);
			path = Settings;
			sourceTree = "<group>";
		};
		6DC6C37B25D16DE600512E36 /* Channel */ = {
			isa = PBXGroup;
			children = (
				6DC6C37C25D16DF600512E36 /* Config */,
				6DC6C39825D16FAC00512E36 /* CHMessagesHeaderView.h */,
				6DC6C39925D16FAC00512E36 /* CHMessagesHeaderView.m */,
				6DC6C39D25D16FE600512E36 /* CHMessagesDataSource.h */,
				6DC6C39E25D16FE600512E36 /* CHMessagesDataSource.m */,
				6DC6C3A225D1700A00512E36 /* CHChannelViewController.h */,
				6DC6C3A325D1700A00512E36 /* CHChannelViewController.m */,
				6DC6C3A725D1702F00512E36 /* CHChannelNewViewController.h */,
				6DC6C3A825D1702F00512E36 /* CHChannelNewViewController.m */,
				6DC6C3AC25D1705100512E36 /* CHChannelDetailViewController.h */,
				6DC6C3AD25D1705100512E36 /* CHChannelDetailViewController.m */,
			);
			path = Channel;
			sourceTree = "<group>";
		};
		6DC6C37C25D16DF600512E36 /* Config */ = {
			isa = PBXGroup;
			children = (
				6DC6C37D25D16E1800512E36 /* CHCellConfiguration.h */,
				6DC6C37E25D16E1800512E36 /* CHCellConfiguration.m */,
				6DC6C38425D16E4200512E36 /* CHDateCellConfiguration.h */,
				6DC6C38525D16E4200512E36 /* CHDateCellConfiguration.m */,
				6DC6C38925D16E6A00512E36 /* CHMsgCellConfiguration.h */,
				6DC6C38A25D16E6A00512E36 /* CHMsgCellConfiguration.m */,
				6DD7B5B5260DE63B001D5DCB /* CHBubbleMsgCellConfiguration.h */,
				6DD7B5B6260DE63B001D5DCB /* CHBubbleMsgCellConfiguration.m */,
				6DC6C38E25D16EA200512E36 /* CHTextMsgCellConfiguration.h */,
				6DC6C38F25D16EA200512E36 /* CHTextMsgCellConfiguration.m */,
				6DBF865A261826E3006F108C /* CHLinkMsgCellConfiguration.h */,
				6DBF865B261826E3006F108C /* CHLinkMsgCellConfiguration.m */,
				6D2C721A261E002A003CDCDB /* CHFileMsgCellConfiguration.h */,
				6D2C721B261E002A003CDCDB /* CHFileMsgCellConfiguration.m */,
				6DD7B5AE260DE2D4001D5DCB /* CHImageMsgCellConfiguration.h */,
				6DD7B5AF260DE2D4001D5DCB /* CHImageMsgCellConfiguration.m */,
				6DC6C39325D16ECA00512E36 /* CHUnknownMsgCellConfiguration.h */,
				6DC6C39425D16ECA00512E36 /* CHUnknownMsgCellConfiguration.m */,
			);
			path = Config;
			sourceTree = "<group>";
		};
		6DD969C325F4799B00EEEECF /* Icons */ = {
			isa = PBXGroup;
			children = (
				6DD969C425F479B800EEEECF /* CHIconsViewController.h */,
				6DD969C525F479B800EEEECF /* CHIconsViewController.m */,
				6DBA92BC25F609CD00B792FE /* CHColorConfiguration.h */,
				6DBA92BD25F609CD00B792FE /* CHColorConfiguration.m */,
				6DEC569C25F4F6F600AD6DC9 /* CHIconConfiguration.h */,
				6DEC569D25F4F6F600AD6DC9 /* CHIconConfiguration.m */,
				6DD969D225F4A1E700EEEECF /* CHIconView.h */,
				6DD969D325F4A1E700EEEECF /* CHIconView.m */,
			);
			path = Icons;
			sourceTree = "<group>";
		};
		6DDC86B725E7456000C26203 /* TableView */ = {
			isa = PBXGroup;
			children = (
				6D278EAB25E5598A00FC48CD /* CHTableView.h */,
				6D278EAC25E5598A00FC48CD /* CHTableView.m */,
				6DDC86BC25E745AF00C26203 /* CHTableViewCell.h */,
				6DDC86BD25E745AF00C26203 /* CHTableViewCell.m */,
			);
			path = TableView;
			sourceTree = "<group>";
		};
		6DDC86B925E7457B00C26203 /* IndicatorView */ = {
			isa = PBXGroup;
			children = (
				6DC6C2C325D15A8600512E36 /* CHIndicatorPanelView.h */,
				6DC6C2C425D15A8600512E36 /* CHIndicatorPanelView.m */,
				6DC6C2BE25D15A7900512E36 /* CHIndicatorView.h */,
				6DC6C2BF25D15A7900512E36 /* CHIndicatorView.m */,
			);
			path = IndicatorView;
			sourceTree = "<group>";
		};
		6DDC86C125E74EF900C26203 /* Node */ = {
			isa = PBXGroup;
			children = (
				6DDC86C225E74F0C00C26203 /* CHNodeViewController.h */,
				6DDC86C325E74F0C00C26203 /* CHNodeViewController.m */,
			);
			path = Node;
			sourceTree = "<group>";
		};
		AA9D7AE19CD99A925739E3F6 /* Frameworks */ = {
			isa = PBXGroup;
			children = (
				D5B1F40BCE80A4DDFEB56F70 /* libPods-Chanify.a */,
				77860262C85473FCE5AADE06 /* libPods-NotificationService.a */,
			);
			name = Frameworks;
			sourceTree = "<group>";
		};
/* End PBXGroup section */

/* Begin PBXNativeTarget section */
		6DC6C1BE25D0DCD100512E36 /* Chanify */ = {
			isa = PBXNativeTarget;
			buildConfigurationList = 6DC6C1D825D0DCD200512E36 /* Build configuration list for PBXNativeTarget "Chanify" */;
			buildPhases = (
				397B817758594D1F4B988808 /* [CP] Check Pods Manifest.lock */,
				6DC6C1BB25D0DCD100512E36 /* Sources */,
				6DC6C1BC25D0DCD100512E36 /* Frameworks */,
				6DC6C1BD25D0DCD100512E36 /* Resources */,
				6DC6C20825D0F36C00512E36 /* ShellScript */,
				6DC6C22525D0FB7600512E36 /* Embed App Extensions */,
			);
			buildRules = (
				6DC6C21125D0F41500512E36 /* PBXBuildRule */,
			);
			dependencies = (
				6DC6C22325D0FB7600512E36 /* PBXTargetDependency */,
			);
			name = Chanify;
			productName = Chanify;
			productReference = 6DC6C1BF25D0DCD100512E36 /* Chanify.app */;
			productType = "com.apple.product-type.application";
		};
		6DC6C21B25D0FB7600512E36 /* NotificationService */ = {
			isa = PBXNativeTarget;
			buildConfigurationList = 6DC6C22825D0FB7600512E36 /* Build configuration list for PBXNativeTarget "NotificationService" */;
			buildPhases = (
				2612387A8C9EC60C805686BC /* [CP] Check Pods Manifest.lock */,
				6DC6C21825D0FB7600512E36 /* Sources */,
				6DC6C21925D0FB7600512E36 /* Frameworks */,
				6DC6C21A25D0FB7600512E36 /* Resources */,
			);
			buildRules = (
				6DC6C23025D0FC1C00512E36 /* PBXBuildRule */,
			);
			dependencies = (
			);
			name = NotificationService;
			productName = NotificationService;
			productReference = 6DC6C21C25D0FB7600512E36 /* NotificationService.appex */;
			productType = "com.apple.product-type.app-extension";
		};
/* End PBXNativeTarget section */

/* Begin PBXProject section */
		6DC6C1B725D0DCD100512E36 /* Project object */ = {
			isa = PBXProject;
			attributes = {
				LastUpgradeCheck = 1240;
				TargetAttributes = {
					6DC6C1BE25D0DCD100512E36 = {
						CreatedOnToolsVersion = 12.4;
						LastSwiftMigration = 1240;
					};
					6DC6C21B25D0FB7600512E36 = {
						CreatedOnToolsVersion = 12.4;
						LastSwiftMigration = 1240;
					};
				};
			};
			buildConfigurationList = 6DC6C1BA25D0DCD100512E36 /* Build configuration list for PBXProject "Chanify" */;
			compatibilityVersion = "Xcode 9.3";
			developmentRegion = en;
			hasScannedForEncodings = 0;
			knownRegions = (
				en,
				Base,
				"zh-Hans",
			);
			mainGroup = 6DC6C1B625D0DCD100512E36;
			productRefGroup = 6DC6C1C025D0DCD100512E36 /* Products */;
			projectDirPath = "";
			projectRoot = "";
			targets = (
				6DC6C1BE25D0DCD100512E36 /* Chanify */,
				6DC6C21B25D0FB7600512E36 /* NotificationService */,
			);
		};
/* End PBXProject section */

/* Begin PBXResourcesBuildPhase section */
		6DC6C1BD25D0DCD100512E36 /* Resources */ = {
			isa = PBXResourcesBuildPhase;
			buildActionMask = 2147483647;
			files = (
				6DC6C1FE25D0E20200512E36 /* Localizable.strings in Resources */,
				6DC6C1D225D0DCD200512E36 /* LaunchScreen.storyboard in Resources */,
				6DC6C1F825D0E1A100512E36 /* InfoPlist.strings in Resources */,
				6DC6C1F425D0E18600512E36 /* Settings.bundle in Resources */,
				6DC6C1CF25D0DCD200512E36 /* Assets.xcassets in Resources */,
			);
			runOnlyForDeploymentPostprocessing = 0;
		};
		6DC6C21A25D0FB7600512E36 /* Resources */ = {
			isa = PBXResourcesBuildPhase;
			buildActionMask = 2147483647;
			files = (
			);
			runOnlyForDeploymentPostprocessing = 0;
		};
/* End PBXResourcesBuildPhase section */

/* Begin PBXShellScriptBuildPhase section */
		2612387A8C9EC60C805686BC /* [CP] Check Pods Manifest.lock */ = {
			isa = PBXShellScriptBuildPhase;
			buildActionMask = 2147483647;
			files = (
			);
			inputFileListPaths = (
			);
			inputPaths = (
				"${PODS_PODFILE_DIR_PATH}/Podfile.lock",
				"${PODS_ROOT}/Manifest.lock",
			);
			name = "[CP] Check Pods Manifest.lock";
			outputFileListPaths = (
			);
			outputPaths = (
				"$(DERIVED_FILE_DIR)/Pods-NotificationService-checkManifestLockResult.txt",
			);
			runOnlyForDeploymentPostprocessing = 0;
			shellPath = /bin/sh;
			shellScript = "diff \"${PODS_PODFILE_DIR_PATH}/Podfile.lock\" \"${PODS_ROOT}/Manifest.lock\" > /dev/null\nif [ $? != 0 ] ; then\n    # print error to STDERR\n    echo \"error: The sandbox is not in sync with the Podfile.lock. Run 'pod install' or update your CocoaPods installation.\" >&2\n    exit 1\nfi\n# This output is used by Xcode 'outputs' to avoid re-running this script phase.\necho \"SUCCESS\" > \"${SCRIPT_OUTPUT_FILE_0}\"\n";
			showEnvVarsInLog = 0;
		};
		397B817758594D1F4B988808 /* [CP] Check Pods Manifest.lock */ = {
			isa = PBXShellScriptBuildPhase;
			buildActionMask = 2147483647;
			files = (
			);
			inputFileListPaths = (
			);
			inputPaths = (
				"${PODS_PODFILE_DIR_PATH}/Podfile.lock",
				"${PODS_ROOT}/Manifest.lock",
			);
			name = "[CP] Check Pods Manifest.lock";
			outputFileListPaths = (
			);
			outputPaths = (
				"$(DERIVED_FILE_DIR)/Pods-Chanify-checkManifestLockResult.txt",
			);
			runOnlyForDeploymentPostprocessing = 0;
			shellPath = /bin/sh;
			shellScript = "diff \"${PODS_PODFILE_DIR_PATH}/Podfile.lock\" \"${PODS_ROOT}/Manifest.lock\" > /dev/null\nif [ $? != 0 ] ; then\n    # print error to STDERR\n    echo \"error: The sandbox is not in sync with the Podfile.lock. Run 'pod install' or update your CocoaPods installation.\" >&2\n    exit 1\nfi\n# This output is used by Xcode 'outputs' to avoid re-running this script phase.\necho \"SUCCESS\" > \"${SCRIPT_OUTPUT_FILE_0}\"\n";
			showEnvVarsInLog = 0;
		};
		6DC6C20825D0F36C00512E36 /* ShellScript */ = {
			isa = PBXShellScriptBuildPhase;
			buildActionMask = 2147483647;
			files = (
			);
			inputFileListPaths = (
			);
			inputPaths = (
			);
			outputFileListPaths = (
			);
			outputPaths = (
			);
			runOnlyForDeploymentPostprocessing = 0;
			shellPath = /bin/sh;
			shellScript = "PLISTBUDDY=\"/usr/libexec/PlistBuddy\"\nINFO_PLIST=\"$CODESIGNING_FOLDER_PATH/Info.plist\"\nSETTINGS_PLIST=\"$CODESIGNING_FOLDER_PATH/Settings.bundle/Root.plist\"\nVERSION=\"`$PLISTBUDDY -c \\\"Print CFBundleShortVersionString\\\" \\\"$INFO_PLIST\\\"`\"\n$PLISTBUDDY -c \"Set :PreferenceSpecifiers:1:DefaultValue '$VERSION'\"  \"${SETTINGS_PLIST}\"\n";
		};
/* End PBXShellScriptBuildPhase section */

/* Begin PBXSourcesBuildPhase section */
		6DC6C1BB25D0DCD100512E36 /* Sources */ = {
			isa = PBXSourcesBuildPhase;
			buildActionMask = 2147483647;
			files = (
				6D278E6925E222C300FC48CD /* CHCodeFormatter.m in Sources */,
				6DDC86C425E74F0C00C26203 /* CHNodeViewController.m in Sources */,
				6DC6C2CD25D15B6300512E36 /* CHScanViewController.m in Sources */,
				6D67CBEA25D4298A00ECF655 /* CHCrpyto.m in Sources */,
				6DC6C26525D1151E00512E36 /* NSString+CHExt.m in Sources */,
				6DAE516B26155C8C00AF9E90 /* CHPasteboard.m in Sources */,
				6DC6C38625D16E4200512E36 /* CHDateCellConfiguration.m in Sources */,
				6D278E5E25E1EF7A00FC48CD /* CHPrivacyViewController.m in Sources */,
				6DC6C39F25D16FE600512E36 /* CHMessagesDataSource.m in Sources */,
				6D44170525F273150041EBA0 /* CHFormCodeItem.m in Sources */,
				6DC6C2A625D14BE000512E36 /* CHDevice.m in Sources */,
				6DC6C33E25D1694100512E36 /* CHChannelsViewController.m in Sources */,
				6DD7B5B0260DE2D4001D5DCB /* CHImageMsgCellConfiguration.m in Sources */,
				6DD5A0F9260EF99E00799032 /* CHWebObjectManager.m in Sources */,
				6D2C721C261E002A003CDCDB /* CHFileMsgCellConfiguration.m in Sources */,
				6DBF866326183E53006F108C /* CHLinkMetaManager.m in Sources */,
				6DEC569E25F4F6F600AD6DC9 /* CHIconConfiguration.m in Sources */,
				6D278EA825E4CC9500FC48CD /* CHNodesViewController.m in Sources */,
				6DC6C2D625D15CCD00512E36 /* CHManager.m in Sources */,
				6DC6C2E725D15EC100512E36 /* CHMessageModel.m in Sources */,
				6DBF865C261826E3006F108C /* CHLinkMsgCellConfiguration.m in Sources */,
				6DC6C2DD25D15DB100512E36 /* CHUserDataSource.m in Sources */,
				6DABBB312612E33D00FCBDD3 /* CHPreviewController.m in Sources */,
				6D278EAD25E5598A00FC48CD /* CHTableView.m in Sources */,
				6DDC86A925E7408E00C26203 /* CHNodeModel.m in Sources */,
				6DC6C3A425D1700A00512E36 /* CHChannelViewController.m in Sources */,
				6DBA92BE25F609CD00B792FE /* CHColorConfiguration.m in Sources */,
				6DABBB292612D9EA00FCBDD3 /* CHPreviewItem.m in Sources */,
				6DC6C38B25D16E6A00512E36 /* CHMsgCellConfiguration.m in Sources */,
				6DD6955025F20C140047FF08 /* CHFormSection.m in Sources */,
				6DC6C24225D1117A00512E36 /* CHTheme.m in Sources */,
				6D44171325F330630041EBA0 /* CHFormInputItem.m in Sources */,
				6DC6C2EC25D15F9700512E36 /* CHNSDataSource.m in Sources */,
				6DCAD2212621D52F00F43F20 /* CHWebFileManager.m in Sources */,
				6DC6C37625D16CA000512E36 /* UIView+CHExt.m in Sources */,
				6DD5A103260EFB9900799032 /* CHWebImageView.m in Sources */,
				6DD969D425F4A1E700EEEECF /* CHIconView.m in Sources */,
				6DC6C37F25D16E1800512E36 /* CHCellConfiguration.m in Sources */,
				6DC6C36325D16BCE00512E36 /* CHAcknowledgementsViewController.m in Sources */,
				6DDC86BE25E745AF00C26203 /* CHTableViewCell.m in Sources */,
				6DC6C28925D1410D00512E36 /* UIViewController+CHExt.m in Sources */,
				6D8F9EAC25EF45E800A8912C /* CHFormItem.m in Sources */,
				6DD969CD25F47A6300EEEECF /* CHFormIconItem.m in Sources */,
				6DC6C39025D16EA200512E36 /* CHTextMsgCellConfiguration.m in Sources */,
				6D4416FE25F2655C0041EBA0 /* CHFormValueItem.m in Sources */,
				6DC6C1CA25D0DCD100512E36 /* CHViewController.m in Sources */,
				6DBA92C525F60B3B00B792FE /* UIColor+CHExt.m in Sources */,
				6DC6C26A25D1159C00512E36 /* CHRouter.m in Sources */,
				6DC6C39525D16ECA00512E36 /* CHUnknownMsgCellConfiguration.m in Sources */,
				6DC6C36F25D16C4E00512E36 /* CHQrCodeView.m in Sources */,
				6DD969C625F479B800EEEECF /* CHIconsViewController.m in Sources */,
				6DD7B5D9260DF520001D5DCB /* NSString+CHLocalized.m in Sources */,
				6DC6C28F25D1435A00512E36 /* CHLoginViewController.m in Sources */,
				6DD7B5A9260DC360001D5DCB /* CHSoundsViewController.m in Sources */,
				6DC6C2C525D15A8600512E36 /* CHIndicatorPanelView.m in Sources */,
				6DC6C34B25D16A7300512E36 /* CHSettingsViewController.m in Sources */,
				6DC6C2C025D15A7900512E36 /* CHIndicatorView.m in Sources */,
				6D9C209426020A4200F40CDD /* CHFormSwitchItem.m in Sources */,
				6DC6C24925D1122100512E36 /* CHUtils.m in Sources */,
				6D278E4125E0ECAC00FC48CD /* CHChannelTableViewCell.m in Sources */,
				6DD7B5B7260DE63B001D5DCB /* CHBubbleMsgCellConfiguration.m in Sources */,
				6DC6C32725D1626D00512E36 /* CryptoKit.swift in Sources */,
				6DD6954B25F20BFD0047FF08 /* CHForm.m in Sources */,
				6DC6C2AE25D14C2400512E36 /* CHSecKey.m in Sources */,
				6DC6C27425D13E5500512E36 /* CHLogic.m in Sources */,
				6DC6C26025D114E800512E36 /* NSData+CHExt.m in Sources */,
				6DC6C39A25D16FAC00512E36 /* CHMessagesHeaderView.m in Sources */,
				6DABBB212612BDFC00FCBDD3 /* CHThumbnailModel.m in Sources */,
				6DC6C28225D1408700512E36 /* CHTabBarViewController.m in Sources */,
				6DD6954625F1FF6C0047FF08 /* CHFormViewController.m in Sources */,
				6DC6C31925D1615100512E36 /* NSFileManager+CHExt.m in Sources */,
				6DC6C2F625D1602F00512E36 /* NSURL+CHExt.m in Sources */,
				6DC6C27B25D13EFA00512E36 /* CHUserModel.m in Sources */,
				6D67CBDB25D3BAD700ECF655 /* NSDate+CHExt.m in Sources */,
				6DC6C36825D16C1600512E36 /* CHUserInfoViewController.m in Sources */,
				6DCC882D25FB62D70028B473 /* CHToken.m in Sources */,
				6DC6C25325D112BB00512E36 /* CHLogger.m in Sources */,
				6DC6C35C25D16B6A00512E36 /* NSPredicate+CHExt.m in Sources */,
				6DC6C3B525D2193500512E36 /* CHMock.m in Sources */,
				6DC6C1C425D0DCD100512E36 /* AppDelegate.m in Sources */,
				6DC6C29A25D143BC00512E36 /* CHWebViewController.m in Sources */,
				6DC6C3A925D1702F00512E36 /* CHChannelNewViewController.m in Sources */,
				6DC6C2B525D1592900512E36 /* NSException+CHExt.m in Sources */,
				6DC6C3AE25D1705100512E36 /* CHChannelDetailViewController.m in Sources */,
				6D4416F925F264A70041EBA0 /* CHFormButtonItem.m in Sources */,
				6DC6C26F25D13D2900512E36 /* CHNotification.m in Sources */,
				6DBA92DF25F8A83700B792FE /* CHSplitViewController.m in Sources */,
				6DC6C2A125D1441100512E36 /* CHWebViewRefresher.m in Sources */,
				6DC6C2E225D15E6B00512E36 /* CHChannelModel.m in Sources */,
				6DC6C31125D1611200512E36 /* NSDictionary+CHExt.m in Sources */,
				6DC6C1D525D0DCD200512E36 /* main.m in Sources */,
				6DDC86B425E7446A00C26203 /* CHNodeTableViewCell.m in Sources */,
				6D44170C25F278D80041EBA0 /* CHFormSelectorItem.m in Sources */,
				6DC6C20E25D0F3EF00512E36 /* CHTP.proto in Sources */,
			);
			runOnlyForDeploymentPostprocessing = 0;
		};
		6DC6C21825D0FB7600512E36 /* Sources */ = {
			isa = PBXSourcesBuildPhase;
			buildActionMask = 2147483647;
			files = (
				6DC6C30025D160C800512E36 /* CHMessageModel.m in Sources */,
				6DC6C31E25D1617900512E36 /* NSFileManager+CHExt.m in Sources */,
				6DC6C30325D160E100512E36 /* NSURL+CHExt.m in Sources */,
				6DC6C32825D1626D00512E36 /* CryptoKit.swift in Sources */,
				6DC6C30925D160ED00512E36 /* NSString+CHExt.m in Sources */,
				6DC6C2FD25D160C100512E36 /* CHLogger.m in Sources */,
				6DC6C22025D0FB7600512E36 /* NotificationService.m in Sources */,
				6DC6C31425D1611E00512E36 /* NSDictionary+CHExt.m in Sources */,
				6DC6C2F125D15FB700512E36 /* CHNSDataSource.m in Sources */,
				6DABBB242612C0FA00FCBDD3 /* CHThumbnailModel.m in Sources */,
				6DC6C23325D0FC7500512E36 /* CHTP.proto in Sources */,
				6DC6C30C25D160F100512E36 /* NSException+CHExt.m in Sources */,
				6DC6C30625D160EA00512E36 /* NSData+CHExt.m in Sources */,
				6DD7B5E6260DF5C7001D5DCB /* NSString+CHNotification.m in Sources */,
			);
			runOnlyForDeploymentPostprocessing = 0;
		};
/* End PBXSourcesBuildPhase section */

/* Begin PBXTargetDependency section */
		6DC6C22325D0FB7600512E36 /* PBXTargetDependency */ = {
			isa = PBXTargetDependency;
			target = 6DC6C21B25D0FB7600512E36 /* NotificationService */;
			targetProxy = 6DC6C22225D0FB7600512E36 /* PBXContainerItemProxy */;
		};
/* End PBXTargetDependency section */

/* Begin PBXVariantGroup section */
		6DC6C1D025D0DCD200512E36 /* LaunchScreen.storyboard */ = {
			isa = PBXVariantGroup;
			children = (
				6DC6C1D125D0DCD200512E36 /* Base */,
			);
			name = LaunchScreen.storyboard;
			sourceTree = "<group>";
		};
		6DC6C1F625D0E1A100512E36 /* InfoPlist.strings */ = {
			isa = PBXVariantGroup;
			children = (
				6DC6C1F725D0E1A100512E36 /* Base */,
				6DC6C1FA25D0E1D900512E36 /* zh-Hans */,
			);
			name = InfoPlist.strings;
			sourceTree = "<group>";
		};
		6DC6C1FC25D0E20200512E36 /* Localizable.strings */ = {
			isa = PBXVariantGroup;
			children = (
				6DC6C1FD25D0E20200512E36 /* Base */,
				6DC6C20025D0E21E00512E36 /* zh-Hans */,
			);
			name = Localizable.strings;
			sourceTree = "<group>";
		};
/* End PBXVariantGroup section */

/* Begin XCBuildConfiguration section */
		6DC6C1D625D0DCD200512E36 /* Debug */ = {
			isa = XCBuildConfiguration;
			buildSettings = {
				ALWAYS_SEARCH_USER_PATHS = NO;
				CLANG_ANALYZER_LOCALIZABILITY_NONLOCALIZED = YES;
				CLANG_ANALYZER_NONNULL = YES;
				CLANG_ANALYZER_NUMBER_OBJECT_CONVERSION = YES_AGGRESSIVE;
				CLANG_CXX_LANGUAGE_STANDARD = "gnu++14";
				CLANG_CXX_LIBRARY = "libc++";
				CLANG_ENABLE_MODULES = YES;
				CLANG_ENABLE_OBJC_ARC = YES;
				CLANG_ENABLE_OBJC_WEAK = YES;
				CLANG_WARN_BLOCK_CAPTURE_AUTORELEASING = YES;
				CLANG_WARN_BOOL_CONVERSION = YES;
				CLANG_WARN_COMMA = YES;
				CLANG_WARN_CONSTANT_CONVERSION = YES;
				CLANG_WARN_DEPRECATED_OBJC_IMPLEMENTATIONS = YES;
				CLANG_WARN_DIRECT_OBJC_ISA_USAGE = YES_ERROR;
				CLANG_WARN_DOCUMENTATION_COMMENTS = YES;
				CLANG_WARN_EMPTY_BODY = YES;
				CLANG_WARN_ENUM_CONVERSION = YES;
				CLANG_WARN_INFINITE_RECURSION = YES;
				CLANG_WARN_INT_CONVERSION = YES;
				CLANG_WARN_NON_LITERAL_NULL_CONVERSION = YES;
				CLANG_WARN_OBJC_IMPLICIT_RETAIN_SELF = YES;
				CLANG_WARN_OBJC_LITERAL_CONVERSION = YES;
				CLANG_WARN_OBJC_ROOT_CLASS = YES_ERROR;
				CLANG_WARN_QUOTED_INCLUDE_IN_FRAMEWORK_HEADER = YES;
				CLANG_WARN_RANGE_LOOP_ANALYSIS = YES;
				CLANG_WARN_STRICT_PROTOTYPES = YES;
				CLANG_WARN_SUSPICIOUS_MOVE = YES;
				CLANG_WARN_UNGUARDED_AVAILABILITY = YES_AGGRESSIVE;
				CLANG_WARN_UNREACHABLE_CODE = YES;
				CLANG_WARN__DUPLICATE_METHOD_MATCH = YES;
				COPY_PHASE_STRIP = NO;
				DEBUG_INFORMATION_FORMAT = dwarf;
				ENABLE_STRICT_OBJC_MSGSEND = YES;
				ENABLE_TESTABILITY = YES;
				GCC_C_LANGUAGE_STANDARD = gnu11;
				GCC_DYNAMIC_NO_PIC = NO;
				GCC_NO_COMMON_BLOCKS = YES;
				GCC_OPTIMIZATION_LEVEL = 0;
				GCC_PREPROCESSOR_DEFINITIONS = (
					"DEBUG=1",
					"$(inherited)",
				);
				GCC_WARN_64_TO_32_BIT_CONVERSION = YES;
				GCC_WARN_ABOUT_RETURN_TYPE = YES_ERROR;
				GCC_WARN_UNDECLARED_SELECTOR = YES;
				GCC_WARN_UNINITIALIZED_AUTOS = YES_AGGRESSIVE;
				GCC_WARN_UNUSED_FUNCTION = YES;
				GCC_WARN_UNUSED_VARIABLE = YES;
				IPHONEOS_DEPLOYMENT_TARGET = 14.0;
				MTL_ENABLE_DEBUG_INFO = INCLUDE_SOURCE;
				MTL_FAST_MATH = YES;
				ONLY_ACTIVE_ARCH = YES;
				SDKROOT = iphoneos;
			};
			name = Debug;
		};
		6DC6C1D725D0DCD200512E36 /* Release */ = {
			isa = XCBuildConfiguration;
			buildSettings = {
				ALWAYS_SEARCH_USER_PATHS = NO;
				CLANG_ANALYZER_LOCALIZABILITY_NONLOCALIZED = YES;
				CLANG_ANALYZER_NONNULL = YES;
				CLANG_ANALYZER_NUMBER_OBJECT_CONVERSION = YES_AGGRESSIVE;
				CLANG_CXX_LANGUAGE_STANDARD = "gnu++14";
				CLANG_CXX_LIBRARY = "libc++";
				CLANG_ENABLE_MODULES = YES;
				CLANG_ENABLE_OBJC_ARC = YES;
				CLANG_ENABLE_OBJC_WEAK = YES;
				CLANG_WARN_BLOCK_CAPTURE_AUTORELEASING = YES;
				CLANG_WARN_BOOL_CONVERSION = YES;
				CLANG_WARN_COMMA = YES;
				CLANG_WARN_CONSTANT_CONVERSION = YES;
				CLANG_WARN_DEPRECATED_OBJC_IMPLEMENTATIONS = YES;
				CLANG_WARN_DIRECT_OBJC_ISA_USAGE = YES_ERROR;
				CLANG_WARN_DOCUMENTATION_COMMENTS = YES;
				CLANG_WARN_EMPTY_BODY = YES;
				CLANG_WARN_ENUM_CONVERSION = YES;
				CLANG_WARN_INFINITE_RECURSION = YES;
				CLANG_WARN_INT_CONVERSION = YES;
				CLANG_WARN_NON_LITERAL_NULL_CONVERSION = YES;
				CLANG_WARN_OBJC_IMPLICIT_RETAIN_SELF = YES;
				CLANG_WARN_OBJC_LITERAL_CONVERSION = YES;
				CLANG_WARN_OBJC_ROOT_CLASS = YES_ERROR;
				CLANG_WARN_QUOTED_INCLUDE_IN_FRAMEWORK_HEADER = YES;
				CLANG_WARN_RANGE_LOOP_ANALYSIS = YES;
				CLANG_WARN_STRICT_PROTOTYPES = YES;
				CLANG_WARN_SUSPICIOUS_MOVE = YES;
				CLANG_WARN_UNGUARDED_AVAILABILITY = YES_AGGRESSIVE;
				CLANG_WARN_UNREACHABLE_CODE = YES;
				CLANG_WARN__DUPLICATE_METHOD_MATCH = YES;
				COPY_PHASE_STRIP = NO;
				DEBUG_INFORMATION_FORMAT = "dwarf-with-dsym";
				ENABLE_NS_ASSERTIONS = NO;
				ENABLE_STRICT_OBJC_MSGSEND = YES;
				GCC_C_LANGUAGE_STANDARD = gnu11;
				GCC_NO_COMMON_BLOCKS = YES;
				GCC_WARN_64_TO_32_BIT_CONVERSION = YES;
				GCC_WARN_ABOUT_RETURN_TYPE = YES_ERROR;
				GCC_WARN_UNDECLARED_SELECTOR = YES;
				GCC_WARN_UNINITIALIZED_AUTOS = YES_AGGRESSIVE;
				GCC_WARN_UNUSED_FUNCTION = YES;
				GCC_WARN_UNUSED_VARIABLE = YES;
				IPHONEOS_DEPLOYMENT_TARGET = 14.0;
				MTL_ENABLE_DEBUG_INFO = NO;
				MTL_FAST_MATH = YES;
				SDKROOT = iphoneos;
				SWIFT_COMPILATION_MODE = wholemodule;
				VALIDATE_PRODUCT = YES;
			};
			name = Release;
		};
		6DC6C1D925D0DCD200512E36 /* Debug */ = {
			isa = XCBuildConfiguration;
			baseConfigurationReference = 518C6AACAB0FE1992637FCE8 /* Pods-Chanify.debug.xcconfig */;
			buildSettings = {
				ALWAYS_EMBED_SWIFT_STANDARD_LIBRARIES = YES;
				ASSETCATALOG_COMPILER_APPICON_NAME = AppIcon;
				ASSETCATALOG_COMPILER_GLOBAL_ACCENT_COLOR_NAME = AccentColor;
				CLANG_ENABLE_MODULES = YES;
				CODE_SIGN_ENTITLEMENTS = Chanify/Chanify.entitlements;
				CODE_SIGN_STYLE = Automatic;
				CURRENT_PROJECT_VERSION = 19;
				DEVELOPMENT_TEAM = P4XS4AVCLW;
				GCC_PREFIX_HEADER = "$(PROJECT_NAME)/Classes/$(PROJECT_NAME).pch";
				GCC_PREPROCESSOR_DEFINITIONS = (
					"COCOAPODS=1",
					"CHUI_ENABLED=1",
					"GPB_USE_PROTOBUF_FRAMEWORK_IMPORTS=1",
					"$(inherited)",
				);
				INFOPLIST_FILE = "$(SRCROOT)/Chanify/Resources/Info.plist";
				LD_RUNPATH_SEARCH_PATHS = (
					"$(inherited)",
					"@executable_path/Frameworks",
				);
				MARKETING_VERSION = 1.0.7;
				PRODUCT_BUNDLE_IDENTIFIER = net.chanify.ios;
				PRODUCT_NAME = "$(TARGET_NAME)";
				SWIFT_OPTIMIZATION_LEVEL = "-Onone";
				SWIFT_VERSION = 5.0;
				TARGETED_DEVICE_FAMILY = "1,2";
			};
			name = Debug;
		};
		6DC6C1DA25D0DCD200512E36 /* Release */ = {
			isa = XCBuildConfiguration;
			baseConfigurationReference = DE20795FBEF5ADCF265D5783 /* Pods-Chanify.release.xcconfig */;
			buildSettings = {
				ALWAYS_EMBED_SWIFT_STANDARD_LIBRARIES = YES;
				ASSETCATALOG_COMPILER_APPICON_NAME = AppIcon;
				ASSETCATALOG_COMPILER_GLOBAL_ACCENT_COLOR_NAME = AccentColor;
				CLANG_ENABLE_MODULES = YES;
				CODE_SIGN_ENTITLEMENTS = Chanify/Chanify.entitlements;
				CODE_SIGN_STYLE = Automatic;
				CURRENT_PROJECT_VERSION = 19;
				DEVELOPMENT_TEAM = P4XS4AVCLW;
				GCC_PREFIX_HEADER = "$(PROJECT_NAME)/Classes/$(PROJECT_NAME).pch";
				GCC_PREPROCESSOR_DEFINITIONS = (
					"COCOAPODS=1",
					"CHUI_ENABLED=1",
					"GPB_USE_PROTOBUF_FRAMEWORK_IMPORTS=1",
					"$(inherited)",
				);
				INFOPLIST_FILE = "$(SRCROOT)/Chanify/Resources/Info.plist";
				LD_RUNPATH_SEARCH_PATHS = (
					"$(inherited)",
					"@executable_path/Frameworks",
				);
				MARKETING_VERSION = 1.0.7;
				PRODUCT_BUNDLE_IDENTIFIER = net.chanify.ios;
				PRODUCT_NAME = "$(TARGET_NAME)";
				SWIFT_VERSION = 5.0;
				TARGETED_DEVICE_FAMILY = "1,2";
			};
			name = Release;
		};
		6DC6C22625D0FB7600512E36 /* Debug */ = {
			isa = XCBuildConfiguration;
			baseConfigurationReference = 84478BB35AC049B8F080A494 /* Pods-NotificationService.debug.xcconfig */;
			buildSettings = {
				CLANG_ENABLE_MODULES = YES;
				CODE_SIGN_ENTITLEMENTS = NotificationService/NotificationService.entitlements;
				CODE_SIGN_STYLE = Automatic;
				CURRENT_PROJECT_VERSION = 19;
				DEVELOPMENT_TEAM = P4XS4AVCLW;
				GCC_PREFIX_HEADER = "$(PROJECT_NAME)/Classes/$(PROJECT_NAME).pch";
				INFOPLIST_FILE = NotificationService/Info.plist;
				LD_RUNPATH_SEARCH_PATHS = (
					"$(inherited)",
					"@executable_path/Frameworks",
					"@executable_path/../../Frameworks",
				);
				MARKETING_VERSION = 1.0.7;
				PRODUCT_BUNDLE_IDENTIFIER = net.chanify.ios.notificationservice;
				PRODUCT_NAME = "$(TARGET_NAME)";
				SKIP_INSTALL = YES;
				SWIFT_OPTIMIZATION_LEVEL = "-Onone";
				SWIFT_VERSION = 5.0;
				TARGETED_DEVICE_FAMILY = "1,2";
			};
			name = Debug;
		};
		6DC6C22725D0FB7600512E36 /* Release */ = {
			isa = XCBuildConfiguration;
			baseConfigurationReference = 88B60DC2DA57301D0741245B /* Pods-NotificationService.release.xcconfig */;
			buildSettings = {
				CLANG_ENABLE_MODULES = YES;
				CODE_SIGN_ENTITLEMENTS = NotificationService/NotificationService.entitlements;
				CODE_SIGN_STYLE = Automatic;
				CURRENT_PROJECT_VERSION = 19;
				DEVELOPMENT_TEAM = P4XS4AVCLW;
				GCC_PREFIX_HEADER = "$(PROJECT_NAME)/Classes/$(PROJECT_NAME).pch";
				INFOPLIST_FILE = NotificationService/Info.plist;
				LD_RUNPATH_SEARCH_PATHS = (
					"$(inherited)",
					"@executable_path/Frameworks",
					"@executable_path/../../Frameworks",
				);
				MARKETING_VERSION = 1.0.7;
				PRODUCT_BUNDLE_IDENTIFIER = net.chanify.ios.notificationservice;
				PRODUCT_NAME = "$(TARGET_NAME)";
				SKIP_INSTALL = YES;
				SWIFT_VERSION = 5.0;
				TARGETED_DEVICE_FAMILY = "1,2";
			};
			name = Release;
		};
/* End XCBuildConfiguration section */

/* Begin XCConfigurationList section */
		6DC6C1BA25D0DCD100512E36 /* Build configuration list for PBXProject "Chanify" */ = {
			isa = XCConfigurationList;
			buildConfigurations = (
				6DC6C1D625D0DCD200512E36 /* Debug */,
				6DC6C1D725D0DCD200512E36 /* Release */,
			);
			defaultConfigurationIsVisible = 0;
			defaultConfigurationName = Release;
		};
		6DC6C1D825D0DCD200512E36 /* Build configuration list for PBXNativeTarget "Chanify" */ = {
			isa = XCConfigurationList;
			buildConfigurations = (
				6DC6C1D925D0DCD200512E36 /* Debug */,
				6DC6C1DA25D0DCD200512E36 /* Release */,
			);
			defaultConfigurationIsVisible = 0;
			defaultConfigurationName = Release;
		};
		6DC6C22825D0FB7600512E36 /* Build configuration list for PBXNativeTarget "NotificationService" */ = {
			isa = XCConfigurationList;
			buildConfigurations = (
				6DC6C22625D0FB7600512E36 /* Debug */,
				6DC6C22725D0FB7600512E36 /* Release */,
			);
			defaultConfigurationIsVisible = 0;
			defaultConfigurationName = Release;
		};
/* End XCConfigurationList section */
	};
	rootObject = 6DC6C1B725D0DCD100512E36 /* Project object */;
}
